// !$*UTF8*$!
{
	archiveVersion = 1;
	classes = {
	};
	objectVersion = 56;
	objects = {

/* Begin PBXBuildFile section */
		668CE22E2A1800CC00D6E7DF /* AppDelegate.swift in Sources */ = {isa = PBXBuildFile; fileRef = 668CE22D2A1800CC00D6E7DF /* AppDelegate.swift */; };
		668CE2302A1800CC00D6E7DF /* SceneDelegate.swift in Sources */ = {isa = PBXBuildFile; fileRef = 668CE22F2A1800CC00D6E7DF /* SceneDelegate.swift */; };
		668CE2382A1800CC00D6E7DF /* CoPass.xcdatamodeld in Sources */ = {isa = PBXBuildFile; fileRef = 668CE2362A1800CC00D6E7DF /* CoPass.xcdatamodeld */; };
		668CE23A2A1800CD00D6E7DF /* Assets.xcassets in Resources */ = {isa = PBXBuildFile; fileRef = 668CE2392A1800CD00D6E7DF /* Assets.xcassets */; };
		668CE23D2A1800CD00D6E7DF /* LaunchScreen.storyboard in Resources */ = {isa = PBXBuildFile; fileRef = 668CE23B2A1800CD00D6E7DF /* LaunchScreen.storyboard */; };
		668CE2472A18027C00D6E7DF /* AppWireframe.swift in Sources */ = {isa = PBXBuildFile; fileRef = 668CE2462A18027C00D6E7DF /* AppWireframe.swift */; };
		668CE24A2A1802C200D6E7DF /* BaseWireframe.swift in Sources */ = {isa = PBXBuildFile; fileRef = 668CE2492A1802C200D6E7DF /* BaseWireframe.swift */; };
		668CE24C2A18032500D6E7DF /* TransitionType.swift in Sources */ = {isa = PBXBuildFile; fileRef = 668CE24B2A18032500D6E7DF /* TransitionType.swift */; };
		668CE2512A18059E00D6E7DF /* Router.swift in Sources */ = {isa = PBXBuildFile; fileRef = 668CE2502A18059E00D6E7DF /* Router.swift */; };
		668CE2572A1807A000D6E7DF /* BaseUI.swift in Sources */ = {isa = PBXBuildFile; fileRef = 668CE2562A1807A000D6E7DF /* BaseUI.swift */; };
		668CE2592A1807E500D6E7DF /* LoadingUI.swift in Sources */ = {isa = PBXBuildFile; fileRef = 668CE2582A1807E500D6E7DF /* LoadingUI.swift */; };
		668CE25B2A18084400D6E7DF /* BaseViewController.swift in Sources */ = {isa = PBXBuildFile; fileRef = 668CE25A2A18084400D6E7DF /* BaseViewController.swift */; };
		668CE25D2A180B3900D6E7DF /* Presenter.swift in Sources */ = {isa = PBXBuildFile; fileRef = 668CE25C2A180B3900D6E7DF /* Presenter.swift */; };
		668CE25F2A180B5800D6E7DF /* NavigationPresenter.swift in Sources */ = {isa = PBXBuildFile; fileRef = 668CE25E2A180B5800D6E7DF /* NavigationPresenter.swift */; };
		668CE2612A180BB100D6E7DF /* BaseCustomView.swift in Sources */ = {isa = PBXBuildFile; fileRef = 668CE2602A180BB100D6E7DF /* BaseCustomView.swift */; };
		668CE2642A180C2A00D6E7DF /* UIView+Ext.swift in Sources */ = {isa = PBXBuildFile; fileRef = 668CE2632A180C2A00D6E7DF /* UIView+Ext.swift */; };
		668CE2682A180EF100D6E7DF /* OnboardingUI.swift in Sources */ = {isa = PBXBuildFile; fileRef = 668CE2672A180EF100D6E7DF /* OnboardingUI.swift */; };
		668CE26A2A180F2C00D6E7DF /* OnboardingPresenter.swift in Sources */ = {isa = PBXBuildFile; fileRef = 668CE2692A180F2C00D6E7DF /* OnboardingPresenter.swift */; };
		668CE26C2A180FA500D6E7DF /* OnboardingWireframe.swift in Sources */ = {isa = PBXBuildFile; fileRef = 668CE26B2A180FA500D6E7DF /* OnboardingWireframe.swift */; };
		668CE26E2A18104C00D6E7DF /* OnboardingController.swift in Sources */ = {isa = PBXBuildFile; fileRef = 668CE26D2A18104C00D6E7DF /* OnboardingController.swift */; };
		668CE2702A18119C00D6E7DF /* NSObject+Ext.swift in Sources */ = {isa = PBXBuildFile; fileRef = 668CE26F2A18119C00D6E7DF /* NSObject+Ext.swift */; };
		668CE2722A18121D00D6E7DF /* OnboardingController.xib in Resources */ = {isa = PBXBuildFile; fileRef = 668CE2712A18121D00D6E7DF /* OnboardingController.xib */; };
		668CE2762A181D3100D6E7DF /* UIColor+Ext.swift in Sources */ = {isa = PBXBuildFile; fileRef = 668CE2752A181D3100D6E7DF /* UIColor+Ext.swift */; };
		668CE2782A18394500D6E7DF /* CoButton.swift in Sources */ = {isa = PBXBuildFile; fileRef = 668CE2772A18394500D6E7DF /* CoButton.swift */; };
/* End PBXBuildFile section */

/* Begin PBXFileReference section */
		668CE22A2A1800CC00D6E7DF /* CoPass.app */ = {isa = PBXFileReference; explicitFileType = wrapper.application; includeInIndex = 0; path = CoPass.app; sourceTree = BUILT_PRODUCTS_DIR; };
		668CE22D2A1800CC00D6E7DF /* AppDelegate.swift */ = {isa = PBXFileReference; lastKnownFileType = sourcecode.swift; path = AppDelegate.swift; sourceTree = "<group>"; };
		668CE22F2A1800CC00D6E7DF /* SceneDelegate.swift */ = {isa = PBXFileReference; lastKnownFileType = sourcecode.swift; path = SceneDelegate.swift; sourceTree = "<group>"; };
		668CE2372A1800CC00D6E7DF /* CoPass.xcdatamodel */ = {isa = PBXFileReference; lastKnownFileType = wrapper.xcdatamodel; path = CoPass.xcdatamodel; sourceTree = "<group>"; };
		668CE2392A1800CD00D6E7DF /* Assets.xcassets */ = {isa = PBXFileReference; lastKnownFileType = folder.assetcatalog; path = Assets.xcassets; sourceTree = "<group>"; };
		668CE23C2A1800CD00D6E7DF /* Base */ = {isa = PBXFileReference; lastKnownFileType = file.storyboard; name = Base; path = Base.lproj/LaunchScreen.storyboard; sourceTree = "<group>"; };
		668CE23E2A1800CD00D6E7DF /* Info.plist */ = {isa = PBXFileReference; lastKnownFileType = text.plist.xml; path = Info.plist; sourceTree = "<group>"; };
		668CE2462A18027C00D6E7DF /* AppWireframe.swift */ = {isa = PBXFileReference; lastKnownFileType = sourcecode.swift; path = AppWireframe.swift; sourceTree = "<group>"; };
		668CE2492A1802C200D6E7DF /* BaseWireframe.swift */ = {isa = PBXFileReference; lastKnownFileType = sourcecode.swift; path = BaseWireframe.swift; sourceTree = "<group>"; };
		668CE24B2A18032500D6E7DF /* TransitionType.swift */ = {isa = PBXFileReference; lastKnownFileType = sourcecode.swift; path = TransitionType.swift; sourceTree = "<group>"; };
		668CE2502A18059E00D6E7DF /* Router.swift */ = {isa = PBXFileReference; lastKnownFileType = sourcecode.swift; path = Router.swift; sourceTree = "<group>"; };
		668CE2562A1807A000D6E7DF /* BaseUI.swift */ = {isa = PBXFileReference; lastKnownFileType = sourcecode.swift; path = BaseUI.swift; sourceTree = "<group>"; };
		668CE2582A1807E500D6E7DF /* LoadingUI.swift */ = {isa = PBXFileReference; lastKnownFileType = sourcecode.swift; path = LoadingUI.swift; sourceTree = "<group>"; };
		668CE25A2A18084400D6E7DF /* BaseViewController.swift */ = {isa = PBXFileReference; lastKnownFileType = sourcecode.swift; path = BaseViewController.swift; sourceTree = "<group>"; };
		668CE25C2A180B3900D6E7DF /* Presenter.swift */ = {isa = PBXFileReference; lastKnownFileType = sourcecode.swift; path = Presenter.swift; sourceTree = "<group>"; };
		668CE25E2A180B5800D6E7DF /* NavigationPresenter.swift */ = {isa = PBXFileReference; lastKnownFileType = sourcecode.swift; path = NavigationPresenter.swift; sourceTree = "<group>"; };
		668CE2602A180BB100D6E7DF /* BaseCustomView.swift */ = {isa = PBXFileReference; lastKnownFileType = sourcecode.swift; path = BaseCustomView.swift; sourceTree = "<group>"; };
		668CE2632A180C2A00D6E7DF /* UIView+Ext.swift */ = {isa = PBXFileReference; lastKnownFileType = sourcecode.swift; path = "UIView+Ext.swift"; sourceTree = "<group>"; };
		668CE2672A180EF100D6E7DF /* OnboardingUI.swift */ = {isa = PBXFileReference; lastKnownFileType = sourcecode.swift; path = OnboardingUI.swift; sourceTree = "<group>"; };
		668CE2692A180F2C00D6E7DF /* OnboardingPresenter.swift */ = {isa = PBXFileReference; lastKnownFileType = sourcecode.swift; path = OnboardingPresenter.swift; sourceTree = "<group>"; };
		668CE26B2A180FA500D6E7DF /* OnboardingWireframe.swift */ = {isa = PBXFileReference; lastKnownFileType = sourcecode.swift; path = OnboardingWireframe.swift; sourceTree = "<group>"; };
		668CE26D2A18104C00D6E7DF /* OnboardingController.swift */ = {isa = PBXFileReference; lastKnownFileType = sourcecode.swift; path = OnboardingController.swift; sourceTree = "<group>"; };
		668CE26F2A18119C00D6E7DF /* NSObject+Ext.swift */ = {isa = PBXFileReference; lastKnownFileType = sourcecode.swift; path = "NSObject+Ext.swift"; sourceTree = "<group>"; };
		668CE2712A18121D00D6E7DF /* OnboardingController.xib */ = {isa = PBXFileReference; lastKnownFileType = file.xib; path = OnboardingController.xib; sourceTree = "<group>"; };
		668CE2752A181D3100D6E7DF /* UIColor+Ext.swift */ = {isa = PBXFileReference; lastKnownFileType = sourcecode.swift; path = "UIColor+Ext.swift"; sourceTree = "<group>"; };
		668CE2772A18394500D6E7DF /* CoButton.swift */ = {isa = PBXFileReference; lastKnownFileType = sourcecode.swift; path = CoButton.swift; sourceTree = "<group>"; };
/* End PBXFileReference section */

/* Begin PBXFrameworksBuildPhase section */
		668CE2272A1800CC00D6E7DF /* Frameworks */ = {
			isa = PBXFrameworksBuildPhase;
			buildActionMask = 2147483647;
			files = (
			);
			runOnlyForDeploymentPostprocessing = 0;
		};
/* End PBXFrameworksBuildPhase section */

/* Begin PBXGroup section */
		668CE2212A1800CC00D6E7DF = {
			isa = PBXGroup;
			children = (
				668CE22C2A1800CC00D6E7DF /* CoPass */,
				668CE22B2A1800CC00D6E7DF /* Products */,
			);
			sourceTree = "<group>";
		};
		668CE22B2A1800CC00D6E7DF /* Products */ = {
			isa = PBXGroup;
			children = (
				668CE22A2A1800CC00D6E7DF /* CoPass.app */,
			);
			name = Products;
			sourceTree = "<group>";
		};
		668CE22C2A1800CC00D6E7DF /* CoPass */ = {
			isa = PBXGroup;
			children = (
				668CE2532A18076500D6E7DF /* Common */,
				668CE2542A18076F00D6E7DF /* Model */,
				668CE2442A18020F00D6E7DF /* MVP */,
				668CE2522A18072E00D6E7DF /* Views */,
				668CE24D2A18033300D6E7DF /* Utilities */,
				668CE24E2A18035700D6E7DF /* Supporting Files */,
				668CE23E2A1800CD00D6E7DF /* Info.plist */,
				668CE2362A1800CC00D6E7DF /* CoPass.xcdatamodeld */,
			);
			path = CoPass;
			sourceTree = "<group>";
		};
		668CE2442A18020F00D6E7DF /* MVP */ = {
			isa = PBXGroup;
			children = (
				668CE2452A18021500D6E7DF /* AppDelegate */,
				668CE2482A1802B700D6E7DF /* Base */,
				668CE24F2A18059200D6E7DF /* Navigate */,
				668CE2652A180EB300D6E7DF /* Scene */,
			);
			path = MVP;
			sourceTree = "<group>";
		};
		668CE2452A18021500D6E7DF /* AppDelegate */ = {
			isa = PBXGroup;
			children = (
				668CE22D2A1800CC00D6E7DF /* AppDelegate.swift */,
				668CE22F2A1800CC00D6E7DF /* SceneDelegate.swift */,
				668CE2462A18027C00D6E7DF /* AppWireframe.swift */,
			);
			path = AppDelegate;
			sourceTree = "<group>";
		};
		668CE2482A1802B700D6E7DF /* Base */ = {
			isa = PBXGroup;
			children = (
				668CE2492A1802C200D6E7DF /* BaseWireframe.swift */,
				668CE2562A1807A000D6E7DF /* BaseUI.swift */,
				668CE25A2A18084400D6E7DF /* BaseViewController.swift */,
				668CE2602A180BB100D6E7DF /* BaseCustomView.swift */,
				668CE2582A1807E500D6E7DF /* LoadingUI.swift */,
				668CE25C2A180B3900D6E7DF /* Presenter.swift */,
				668CE25E2A180B5800D6E7DF /* NavigationPresenter.swift */,
			);
			path = Base;
			sourceTree = "<group>";
		};
		668CE24D2A18033300D6E7DF /* Utilities */ = {
			isa = PBXGroup;
			children = (
				668CE2622A180C1E00D6E7DF /* Extensions */,
			);
			path = Utilities;
			sourceTree = "<group>";
		};
		668CE24E2A18035700D6E7DF /* Supporting Files */ = {
			isa = PBXGroup;
			children = (
				668CE2392A1800CD00D6E7DF /* Assets.xcassets */,
				668CE23B2A1800CD00D6E7DF /* LaunchScreen.storyboard */,
			);
			path = "Supporting Files";
			sourceTree = "<group>";
		};
		668CE24F2A18059200D6E7DF /* Navigate */ = {
			isa = PBXGroup;
			children = (
				668CE2502A18059E00D6E7DF /* Router.swift */,
				668CE24B2A18032500D6E7DF /* TransitionType.swift */,
			);
			path = Navigate;
			sourceTree = "<group>";
		};
		668CE2522A18072E00D6E7DF /* Views */ = {
			isa = PBXGroup;
			children = (
			);
			path = Views;
			sourceTree = "<group>";
		};
		668CE2532A18076500D6E7DF /* Common */ = {
			isa = PBXGroup;
			children = (
				668CE2772A18394500D6E7DF /* CoButton.swift */,
			);
			path = Common;
			sourceTree = "<group>";
		};
		668CE2542A18076F00D6E7DF /* Model */ = {
			isa = PBXGroup;
			children = (
			);
			path = Model;
			sourceTree = "<group>";
		};
		668CE2622A180C1E00D6E7DF /* Extensions */ = {
			isa = PBXGroup;
			children = (
				668CE26F2A18119C00D6E7DF /* NSObject+Ext.swift */,
				668CE2632A180C2A00D6E7DF /* UIView+Ext.swift */,
				668CE2752A181D3100D6E7DF /* UIColor+Ext.swift */,
			);
			path = Extensions;
			sourceTree = "<group>";
		};
		668CE2652A180EB300D6E7DF /* Scene */ = {
			isa = PBXGroup;
			children = (
				668CE2662A180EDF00D6E7DF /* Onboarding */,
			);
			path = Scene;
			sourceTree = "<group>";
		};
		668CE2662A180EDF00D6E7DF /* Onboarding */ = {
			isa = PBXGroup;
			children = (
				668CE2672A180EF100D6E7DF /* OnboardingUI.swift */,
				668CE2692A180F2C00D6E7DF /* OnboardingPresenter.swift */,
				668CE26B2A180FA500D6E7DF /* OnboardingWireframe.swift */,
				668CE26D2A18104C00D6E7DF /* OnboardingController.swift */,
				668CE2712A18121D00D6E7DF /* OnboardingController.xib */,
			);
			path = Onboarding;
			sourceTree = "<group>";
		};
/* End PBXGroup section */

/* Begin PBXNativeTarget section */
		668CE2292A1800CC00D6E7DF /* CoPass */ = {
			isa = PBXNativeTarget;
			buildConfigurationList = 668CE2412A1800CD00D6E7DF /* Build configuration list for PBXNativeTarget "CoPass" */;
			buildPhases = (
				668CE2262A1800CC00D6E7DF /* Sources */,
				668CE2272A1800CC00D6E7DF /* Frameworks */,
				668CE2282A1800CC00D6E7DF /* Resources */,
			);
			buildRules = (
			);
			dependencies = (
			);
			name = CoPass;
			productName = CoPass;
			productReference = 668CE22A2A1800CC00D6E7DF /* CoPass.app */;
			productType = "com.apple.product-type.application";
		};
/* End PBXNativeTarget section */

/* Begin PBXProject section */
		668CE2222A1800CC00D6E7DF /* Project object */ = {
			isa = PBXProject;
			attributes = {
				BuildIndependentTargetsInParallel = 1;
				LastSwiftUpdateCheck = 1430;
				LastUpgradeCheck = 1430;
				TargetAttributes = {
					668CE2292A1800CC00D6E7DF = {
						CreatedOnToolsVersion = 14.3;
					};
				};
			};
			buildConfigurationList = 668CE2252A1800CC00D6E7DF /* Build configuration list for PBXProject "CoPass" */;
			compatibilityVersion = "Xcode 14.0";
			developmentRegion = en;
			hasScannedForEncodings = 0;
			knownRegions = (
				en,
				Base,
			);
			mainGroup = 668CE2212A1800CC00D6E7DF;
			productRefGroup = 668CE22B2A1800CC00D6E7DF /* Products */;
			projectDirPath = "";
			projectRoot = "";
			targets = (
				668CE2292A1800CC00D6E7DF /* CoPass */,
			);
		};
/* End PBXProject section */

/* Begin PBXResourcesBuildPhase section */
		668CE2282A1800CC00D6E7DF /* Resources */ = {
			isa = PBXResourcesBuildPhase;
			buildActionMask = 2147483647;
			files = (
				668CE23D2A1800CD00D6E7DF /* LaunchScreen.storyboard in Resources */,
				668CE2722A18121D00D6E7DF /* OnboardingController.xib in Resources */,
				668CE23A2A1800CD00D6E7DF /* Assets.xcassets in Resources */,
			);
			runOnlyForDeploymentPostprocessing = 0;
		};
/* End PBXResourcesBuildPhase section */

/* Begin PBXSourcesBuildPhase section */
		668CE2262A1800CC00D6E7DF /* Sources */ = {
			isa = PBXSourcesBuildPhase;
			buildActionMask = 2147483647;
			files = (
				668CE2572A1807A000D6E7DF /* BaseUI.swift in Sources */,
				668CE2472A18027C00D6E7DF /* AppWireframe.swift in Sources */,
				668CE2782A18394500D6E7DF /* CoButton.swift in Sources */,
				668CE2382A1800CC00D6E7DF /* CoPass.xcdatamodeld in Sources */,
				668CE24C2A18032500D6E7DF /* TransitionType.swift in Sources */,
				668CE2592A1807E500D6E7DF /* LoadingUI.swift in Sources */,
				668CE25B2A18084400D6E7DF /* BaseViewController.swift in Sources */,
				668CE26C2A180FA500D6E7DF /* OnboardingWireframe.swift in Sources */,
				668CE24A2A1802C200D6E7DF /* BaseWireframe.swift in Sources */,
				668CE26E2A18104C00D6E7DF /* OnboardingController.swift in Sources */,
				668CE22E2A1800CC00D6E7DF /* AppDelegate.swift in Sources */,
				668CE2682A180EF100D6E7DF /* OnboardingUI.swift in Sources */,
				668CE2642A180C2A00D6E7DF /* UIView+Ext.swift in Sources */,
				668CE25F2A180B5800D6E7DF /* NavigationPresenter.swift in Sources */,
				668CE2512A18059E00D6E7DF /* Router.swift in Sources */,
				668CE2302A1800CC00D6E7DF /* SceneDelegate.swift in Sources */,
				668CE25D2A180B3900D6E7DF /* Presenter.swift in Sources */,
				668CE2612A180BB100D6E7DF /* BaseCustomView.swift in Sources */,
				668CE2762A181D3100D6E7DF /* UIColor+Ext.swift in Sources */,
				668CE26A2A180F2C00D6E7DF /* OnboardingPresenter.swift in Sources */,
				668CE2702A18119C00D6E7DF /* NSObject+Ext.swift in Sources */,
			);
			runOnlyForDeploymentPostprocessing = 0;
		};
/* End PBXSourcesBuildPhase section */

/* Begin PBXVariantGroup section */
		668CE23B2A1800CD00D6E7DF /* LaunchScreen.storyboard */ = {
			isa = PBXVariantGroup;
			children = (
				668CE23C2A1800CD00D6E7DF /* Base */,
			);
			name = LaunchScreen.storyboard;
			sourceTree = "<group>";
		};
/* End PBXVariantGroup section */

/* Begin XCBuildConfiguration section */
		668CE23F2A1800CD00D6E7DF /* Debug */ = {
			isa = XCBuildConfiguration;
			buildSettings = {
				ALWAYS_SEARCH_USER_PATHS = NO;
				CLANG_ANALYZER_NONNULL = YES;
				CLANG_ANALYZER_NUMBER_OBJECT_CONVERSION = YES_AGGRESSIVE;
				CLANG_CXX_LANGUAGE_STANDARD = "gnu++20";
				CLANG_ENABLE_MODULES = YES;
				CLANG_ENABLE_OBJC_ARC = YES;
				CLANG_ENABLE_OBJC_WEAK = YES;
				CLANG_WARN_BLOCK_CAPTURE_AUTORELEASING = YES;
				CLANG_WARN_BOOL_CONVERSION = YES;
				CLANG_WARN_COMMA = YES;
				CLANG_WARN_CONSTANT_CONVERSION = YES;
				CLANG_WARN_DEPRECATED_OBJC_IMPLEMENTATIONS = YES;
				CLANG_WARN_DIRECT_OBJC_ISA_USAGE = YES_ERROR;
				CLANG_WARN_DOCUMENTATION_COMMENTS = YES;
				CLANG_WARN_EMPTY_BODY = YES;
				CLANG_WARN_ENUM_CONVERSION = YES;
				CLANG_WARN_INFINITE_RECURSION = YES;
				CLANG_WARN_INT_CONVERSION = YES;
				CLANG_WARN_NON_LITERAL_NULL_CONVERSION = YES;
				CLANG_WARN_OBJC_IMPLICIT_RETAIN_SELF = YES;
				CLANG_WARN_OBJC_LITERAL_CONVERSION = YES;
				CLANG_WARN_OBJC_ROOT_CLASS = YES_ERROR;
				CLANG_WARN_QUOTED_INCLUDE_IN_FRAMEWORK_HEADER = YES;
				CLANG_WARN_RANGE_LOOP_ANALYSIS = YES;
				CLANG_WARN_STRICT_PROTOTYPES = YES;
				CLANG_WARN_SUSPICIOUS_MOVE = YES;
				CLANG_WARN_UNGUARDED_AVAILABILITY = YES_AGGRESSIVE;
				CLANG_WARN_UNREACHABLE_CODE = YES;
				CLANG_WARN__DUPLICATE_METHOD_MATCH = YES;
				COPY_PHASE_STRIP = NO;
				DEBUG_INFORMATION_FORMAT = dwarf;
				ENABLE_STRICT_OBJC_MSGSEND = YES;
				ENABLE_TESTABILITY = YES;
				GCC_C_LANGUAGE_STANDARD = gnu11;
				GCC_DYNAMIC_NO_PIC = NO;
				GCC_NO_COMMON_BLOCKS = YES;
				GCC_OPTIMIZATION_LEVEL = 0;
				GCC_PREPROCESSOR_DEFINITIONS = (
					"DEBUG=1",
					"$(inherited)",
				);
				GCC_WARN_64_TO_32_BIT_CONVERSION = YES;
				GCC_WARN_ABOUT_RETURN_TYPE = YES_ERROR;
				GCC_WARN_UNDECLARED_SELECTOR = YES;
				GCC_WARN_UNINITIALIZED_AUTOS = YES_AGGRESSIVE;
				GCC_WARN_UNUSED_FUNCTION = YES;
				GCC_WARN_UNUSED_VARIABLE = YES;
				IPHONEOS_DEPLOYMENT_TARGET = 16.4;
				MTL_ENABLE_DEBUG_INFO = INCLUDE_SOURCE;
				MTL_FAST_MATH = YES;
				ONLY_ACTIVE_ARCH = YES;
				SDKROOT = iphoneos;
				SWIFT_ACTIVE_COMPILATION_CONDITIONS = DEBUG;
				SWIFT_OPTIMIZATION_LEVEL = "-Onone";
			};
			name = Debug;
		};
		668CE2402A1800CD00D6E7DF /* Release */ = {
			isa = XCBuildConfiguration;
			buildSettings = {
				ALWAYS_SEARCH_USER_PATHS = NO;
				CLANG_ANALYZER_NONNULL = YES;
				CLANG_ANALYZER_NUMBER_OBJECT_CONVERSION = YES_AGGRESSIVE;
				CLANG_CXX_LANGUAGE_STANDARD = "gnu++20";
				CLANG_ENABLE_MODULES = YES;
				CLANG_ENABLE_OBJC_ARC = YES;
				CLANG_ENABLE_OBJC_WEAK = YES;
				CLANG_WARN_BLOCK_CAPTURE_AUTORELEASING = YES;
				CLANG_WARN_BOOL_CONVERSION = YES;
				CLANG_WARN_COMMA = YES;
				CLANG_WARN_CONSTANT_CONVERSION = YES;
				CLANG_WARN_DEPRECATED_OBJC_IMPLEMENTATIONS = YES;
				CLANG_WARN_DIRECT_OBJC_ISA_USAGE = YES_ERROR;
				CLANG_WARN_DOCUMENTATION_COMMENTS = YES;
				CLANG_WARN_EMPTY_BODY = YES;
				CLANG_WARN_ENUM_CONVERSION = YES;
				CLANG_WARN_INFINITE_RECURSION = YES;
				CLANG_WARN_INT_CONVERSION = YES;
				CLANG_WARN_NON_LITERAL_NULL_CONVERSION = YES;
				CLANG_WARN_OBJC_IMPLICIT_RETAIN_SELF = YES;
				CLANG_WARN_OBJC_LITERAL_CONVERSION = YES;
				CLANG_WARN_OBJC_ROOT_CLASS = YES_ERROR;
				CLANG_WARN_QUOTED_INCLUDE_IN_FRAMEWORK_HEADER = YES;
				CLANG_WARN_RANGE_LOOP_ANALYSIS = YES;
				CLANG_WARN_STRICT_PROTOTYPES = YES;
				CLANG_WARN_SUSPICIOUS_MOVE = YES;
				CLANG_WARN_UNGUARDED_AVAILABILITY = YES_AGGRESSIVE;
				CLANG_WARN_UNREACHABLE_CODE = YES;
				CLANG_WARN__DUPLICATE_METHOD_MATCH = YES;
				COPY_PHASE_STRIP = NO;
				DEBUG_INFORMATION_FORMAT = "dwarf-with-dsym";
				ENABLE_NS_ASSERTIONS = NO;
				ENABLE_STRICT_OBJC_MSGSEND = YES;
				GCC_C_LANGUAGE_STANDARD = gnu11;
				GCC_NO_COMMON_BLOCKS = YES;
				GCC_WARN_64_TO_32_BIT_CONVERSION = YES;
				GCC_WARN_ABOUT_RETURN_TYPE = YES_ERROR;
				GCC_WARN_UNDECLARED_SELECTOR = YES;
				GCC_WARN_UNINITIALIZED_AUTOS = YES_AGGRESSIVE;
				GCC_WARN_UNUSED_FUNCTION = YES;
				GCC_WARN_UNUSED_VARIABLE = YES;
				IPHONEOS_DEPLOYMENT_TARGET = 16.4;
				MTL_ENABLE_DEBUG_INFO = NO;
				MTL_FAST_MATH = YES;
				SDKROOT = iphoneos;
				SWIFT_COMPILATION_MODE = wholemodule;
				SWIFT_OPTIMIZATION_LEVEL = "-O";
				VALIDATE_PRODUCT = YES;
			};
			name = Release;
		};
		668CE2422A1800CD00D6E7DF /* Debug */ = {
			isa = XCBuildConfiguration;
			buildSettings = {
				ASSETCATALOG_COMPILER_APPICON_NAME = AppIcon;
				ASSETCATALOG_COMPILER_GLOBAL_ACCENT_COLOR_NAME = AccentColor;
				CODE_SIGN_STYLE = Automatic;
				CURRENT_PROJECT_VERSION = 1;
				DEVELOPMENT_TEAM = TN6PW5B825;
				GENERATE_INFOPLIST_FILE = YES;
				INFOPLIST_FILE = CoPass/Info.plist;
				INFOPLIST_KEY_UIApplicationSupportsIndirectInputEvents = YES;
				INFOPLIST_KEY_UILaunchStoryboardName = LaunchScreen;
				INFOPLIST_KEY_UISupportedInterfaceOrientations_iPad = "UIInterfaceOrientationPortrait UIInterfaceOrientationPortraitUpsideDown UIInterfaceOrientationLandscapeLeft UIInterfaceOrientationLandscapeRight";
				INFOPLIST_KEY_UISupportedInterfaceOrientations_iPhone = "UIInterfaceOrientationPortrait UIInterfaceOrientationLandscapeLeft UIInterfaceOrientationLandscapeRight";
				LD_RUNPATH_SEARCH_PATHS = (
					"$(inherited)",
					"@executable_path/Frameworks",
				);
				MARKETING_VERSION = 1.0;
				PRODUCT_BUNDLE_IDENTIFIER = com.oktaytan.CoPass;
				PRODUCT_NAME = "$(TARGET_NAME)";
				SUPPORTED_PLATFORMS = "iphoneos iphonesimulator";
				SUPPORTS_MACCATALYST = NO;
				SUPPORTS_MAC_DESIGNED_FOR_IPHONE_IPAD = NO;
				SWIFT_EMIT_LOC_STRINGS = YES;
				SWIFT_VERSION = 5.0;
				TARGETED_DEVICE_FAMILY = "1,2";
			};
			name = Debug;
		};
		668CE2432A1800CD00D6E7DF /* Release */ = {
			isa = XCBuildConfiguration;
			buildSettings = {
				ASSETCATALOG_COMPILER_APPICON_NAME = AppIcon;
				ASSETCATALOG_COMPILER_GLOBAL_ACCENT_COLOR_NAME = AccentColor;
				CODE_SIGN_STYLE = Automatic;
				CURRENT_PROJECT_VERSION = 1;
				DEVELOPMENT_TEAM = TN6PW5B825;
				GENERATE_INFOPLIST_FILE = YES;
				INFOPLIST_FILE = CoPass/Info.plist;
				INFOPLIST_KEY_UIApplicationSupportsIndirectInputEvents = YES;
				INFOPLIST_KEY_UILaunchStoryboardName = LaunchScreen;
				INFOPLIST_KEY_UISupportedInterfaceOrientations_iPad = "UIInterfaceOrientationPortrait UIInterfaceOrientationPortraitUpsideDown UIInterfaceOrientationLandscapeLeft UIInterfaceOrientationLandscapeRight";
				INFOPLIST_KEY_UISupportedInterfaceOrientations_iPhone = "UIInterfaceOrientationPortrait UIInterfaceOrientationLandscapeLeft UIInterfaceOrientationLandscapeRight";
				LD_RUNPATH_SEARCH_PATHS = (
					"$(inherited)",
					"@executable_path/Frameworks",
				);
				MARKETING_VERSION = 1.0;
				PRODUCT_BUNDLE_IDENTIFIER = com.oktaytan.CoPass;
				PRODUCT_NAME = "$(TARGET_NAME)";
				SUPPORTED_PLATFORMS = "iphoneos iphonesimulator";
				SUPPORTS_MACCATALYST = NO;
				SUPPORTS_MAC_DESIGNED_FOR_IPHONE_IPAD = NO;
				SWIFT_EMIT_LOC_STRINGS = YES;
				SWIFT_VERSION = 5.0;
				TARGETED_DEVICE_FAMILY = "1,2";
			};
			name = Release;
		};
/* End XCBuildConfiguration section */

/* Begin XCConfigurationList section */
		668CE2252A1800CC00D6E7DF /* Build configuration list for PBXProject "CoPass" */ = {
			isa = XCConfigurationList;
			buildConfigurations = (
				668CE23F2A1800CD00D6E7DF /* Debug */,
				668CE2402A1800CD00D6E7DF /* Release */,
			);
			defaultConfigurationIsVisible = 0;
			defaultConfigurationName = Release;
		};
		668CE2412A1800CD00D6E7DF /* Build configuration list for PBXNativeTarget "CoPass" */ = {
			isa = XCConfigurationList;
			buildConfigurations = (
				668CE2422A1800CD00D6E7DF /* Debug */,
				668CE2432A1800CD00D6E7DF /* Release */,
			);
			defaultConfigurationIsVisible = 0;
			defaultConfigurationName = Release;
		};
/* End XCConfigurationList section */

/* Begin XCVersionGroup section */
		668CE2362A1800CC00D6E7DF /* CoPass.xcdatamodeld */ = {
			isa = XCVersionGroup;
			children = (
				668CE2372A1800CC00D6E7DF /* CoPass.xcdatamodel */,
			);
			currentVersion = 668CE2372A1800CC00D6E7DF /* CoPass.xcdatamodel */;
			path = CoPass.xcdatamodeld;
			sourceTree = "<group>";
			versionGroupType = wrapper.xcdatamodel;
		};
/* End XCVersionGroup section */
	};
	rootObject = 668CE2222A1800CC00D6E7DF /* Project object */;
}
