// !$*UTF8*$!
{
	archiveVersion = 1;
	classes = {
	};
	objectVersion = 56;
	objects = {

/* Begin PBXBuildFile section */
		660838B72A478BE600E72F31 /* CoStorage.swift in Sources */ = {isa = PBXBuildFile; fileRef = 660838B62A478BE600E72F31 /* CoStorage.swift */; };
		660838B92A47968800E72F31 /* CoError.swift in Sources */ = {isa = PBXBuildFile; fileRef = 660838B82A47968800E72F31 /* CoError.swift */; };
		660838BC2A47A7E500E72F31 /* CoTabBarVC.swift in Sources */ = {isa = PBXBuildFile; fileRef = 660838BB2A47A7E500E72F31 /* CoTabBarVC.swift */; };
		660838BF2A47A89A00E72F31 /* CoTabBarWireframe.swift in Sources */ = {isa = PBXBuildFile; fileRef = 660838BE2A47A89A00E72F31 /* CoTabBarWireframe.swift */; };
		6608C6C02A4F66F40081603C /* ObservationType.swift in Sources */ = {isa = PBXBuildFile; fileRef = 6608C6BF2A4F66F40081603C /* ObservationType.swift */; };
		6608C6C32A4F675C0081603C /* HomeTableViewProvider.swift in Sources */ = {isa = PBXBuildFile; fileRef = 6608C6C22A4F675C0081603C /* HomeTableViewProvider.swift */; };
		6608C6C52A4F67790081603C /* BaseTableViewProvider.swift in Sources */ = {isa = PBXBuildFile; fileRef = 6608C6C42A4F67790081603C /* BaseTableViewProvider.swift */; };
		6608C6C72A4F67E50081603C /* BaseCollectionViewProvider.swift in Sources */ = {isa = PBXBuildFile; fileRef = 6608C6C62A4F67E50081603C /* BaseCollectionViewProvider.swift */; };
		6608C6C92A4F69750081603C /* UITableView+Ext.swift in Sources */ = {isa = PBXBuildFile; fileRef = 6608C6C82A4F69750081603C /* UITableView+Ext.swift */; };
		6608C6CB2A4F69960081603C /* UICollectionView+Ext.swift in Sources */ = {isa = PBXBuildFile; fileRef = 6608C6CA2A4F69960081603C /* UICollectionView+Ext.swift */; };
		6608C6D02A4F6A5E0081603C /* HomeUserCell.swift in Sources */ = {isa = PBXBuildFile; fileRef = 6608C6CE2A4F6A5E0081603C /* HomeUserCell.swift */; };
		6608C6D12A4F6A5E0081603C /* HomeUserCell.xib in Resources */ = {isa = PBXBuildFile; fileRef = 6608C6CF2A4F6A5E0081603C /* HomeUserCell.xib */; };
		6608C6D42A4F7D720081603C /* CoBadgeView.swift in Sources */ = {isa = PBXBuildFile; fileRef = 6608C6D32A4F7D720081603C /* CoBadgeView.swift */; };
		6608C6D62A4F7D7E0081603C /* CoBadgeView.xib in Resources */ = {isa = PBXBuildFile; fileRef = 6608C6D52A4F7D7D0081603C /* CoBadgeView.xib */; };
		6608C6D82A4F7E4A0081603C /* CoCircularImageView.swift in Sources */ = {isa = PBXBuildFile; fileRef = 6608C6D72A4F7E4A0081603C /* CoCircularImageView.swift */; };
		661088EC2A4A372B00FE6643 /* AppDesign.swift in Sources */ = {isa = PBXBuildFile; fileRef = 661088EB2A4A372B00FE6643 /* AppDesign.swift */; };
		661D3BE62A58B67B0033AFA1 /* RecordTableViewProvider.swift in Sources */ = {isa = PBXBuildFile; fileRef = 661D3BE52A58B67B0033AFA1 /* RecordTableViewProvider.swift */; };
		661D3BE92A58CE160033AFA1 /* RecordCategoryCell.swift in Sources */ = {isa = PBXBuildFile; fileRef = 661D3BE72A58CE160033AFA1 /* RecordCategoryCell.swift */; };
		661D3BEA2A58CE160033AFA1 /* RecordCategoryCell.xib in Resources */ = {isa = PBXBuildFile; fileRef = 661D3BE82A58CE160033AFA1 /* RecordCategoryCell.xib */; };
		661D3BED2A58D02D0033AFA1 /* RecordCategoryItemCell.swift in Sources */ = {isa = PBXBuildFile; fileRef = 661D3BEB2A58D02D0033AFA1 /* RecordCategoryItemCell.swift */; };
		661D3BEE2A58D02D0033AFA1 /* RecordCategoryItemCell.xib in Resources */ = {isa = PBXBuildFile; fileRef = 661D3BEC2A58D02D0033AFA1 /* RecordCategoryItemCell.xib */; };
		6622B5872A4A29FF000F31F1 /* ViewAnimator in Frameworks */ = {isa = PBXBuildFile; productRef = 6622B5862A4A29FF000F31F1 /* ViewAnimator */; };
		6622B58A2A4A3648000F31F1 /* NVActivityIndicatorView in Frameworks */ = {isa = PBXBuildFile; productRef = 6622B5892A4A3648000F31F1 /* NVActivityIndicatorView */; };
		66475B802A44C29200E76D71 /* KeychainManager.swift in Sources */ = {isa = PBXBuildFile; fileRef = 66475B7F2A44C29200E76D71 /* KeychainManager.swift */; };
		66475B832A44CAFB00E76D71 /* RegisterData.swift in Sources */ = {isa = PBXBuildFile; fileRef = 66475B822A44CAFB00E76D71 /* RegisterData.swift */; };
		66475B882A44D52B00E76D71 /* SPIndicator in Frameworks */ = {isa = PBXBuildFile; productRef = 66475B872A44D52B00E76D71 /* SPIndicator */; };
		664F14EC2A5C8DE300AC0A80 /* Array+Ext.swift in Sources */ = {isa = PBXBuildFile; fileRef = 664F14EB2A5C8DE300AC0A80 /* Array+Ext.swift */; };
		66513C712A5AD94A00C86EAE /* CoRecordFieldType.swift in Sources */ = {isa = PBXBuildFile; fileRef = 66513C702A5AD94A00C86EAE /* CoRecordFieldType.swift */; };
		66513C762A5AF10400C86EAE /* RecordPreviewCell.swift in Sources */ = {isa = PBXBuildFile; fileRef = 66513C742A5AF10400C86EAE /* RecordPreviewCell.swift */; };
		66513C772A5AF10400C86EAE /* RecordPreviewCell.xib in Resources */ = {isa = PBXBuildFile; fileRef = 66513C752A5AF10400C86EAE /* RecordPreviewCell.xib */; };
		66513C792A5B50AC00C86EAE /* SafetyTableViewProvider.swift in Sources */ = {isa = PBXBuildFile; fileRef = 66513C782A5B50AC00C86EAE /* SafetyTableViewProvider.swift */; };
		66513C7C2A5B519E00C86EAE /* SafetyScoreEntity.swift in Sources */ = {isa = PBXBuildFile; fileRef = 66513C7B2A5B519E00C86EAE /* SafetyScoreEntity.swift */; };
		66513C802A5B544B00C86EAE /* SafetyBoardCell.swift in Sources */ = {isa = PBXBuildFile; fileRef = 66513C7E2A5B544B00C86EAE /* SafetyBoardCell.swift */; };
		66513C812A5B544B00C86EAE /* SafetyBoardCell.xib in Resources */ = {isa = PBXBuildFile; fileRef = 66513C7F2A5B544B00C86EAE /* SafetyBoardCell.xib */; };
		66513C832A5B637A00C86EAE /* Int+Ext.swift in Sources */ = {isa = PBXBuildFile; fileRef = 66513C822A5B637A00C86EAE /* Int+Ext.swift */; };
		667395D82A53333300F823F8 /* CoSafetyType.swift in Sources */ = {isa = PBXBuildFile; fileRef = 667395D72A53333300F823F8 /* CoSafetyType.swift */; };
		667395DB2A534BA900F823F8 /* HomeCategoryCell.swift in Sources */ = {isa = PBXBuildFile; fileRef = 667395D92A534BA900F823F8 /* HomeCategoryCell.swift */; };
		667395DC2A534BA900F823F8 /* HomeCategoryCell.xib in Resources */ = {isa = PBXBuildFile; fileRef = 667395DA2A534BA900F823F8 /* HomeCategoryCell.xib */; };
		667395E42A534F8200F823F8 /* HomeCategoryItemCell.swift in Sources */ = {isa = PBXBuildFile; fileRef = 667395E22A534F8200F823F8 /* HomeCategoryItemCell.swift */; };
		667395E52A534F8200F823F8 /* HomeCategoryItemCell.xib in Resources */ = {isa = PBXBuildFile; fileRef = 667395E32A534F8200F823F8 /* HomeCategoryItemCell.xib */; };
		667395E72A5384C500F823F8 /* CoSectionTitleView.swift in Sources */ = {isa = PBXBuildFile; fileRef = 667395E62A5384C500F823F8 /* CoSectionTitleView.swift */; };
		667395EB2A53894900F823F8 /* RecordCell.swift in Sources */ = {isa = PBXBuildFile; fileRef = 667395E92A53894900F823F8 /* RecordCell.swift */; };
		667395EC2A53894900F823F8 /* RecordCell.xib in Resources */ = {isa = PBXBuildFile; fileRef = 667395EA2A53894900F823F8 /* RecordCell.xib */; };
		667854642A5E1CD90091E6F5 /* SettingsVC.swift in Sources */ = {isa = PBXBuildFile; fileRef = 667854622A5E1CD90091E6F5 /* SettingsVC.swift */; };
		667854652A5E1CD90091E6F5 /* SettingsVC.xib in Resources */ = {isa = PBXBuildFile; fileRef = 667854632A5E1CD90091E6F5 /* SettingsVC.xib */; };
		667854692A5E1DF30091E6F5 /* SyncCloudVC.swift in Sources */ = {isa = PBXBuildFile; fileRef = 667854672A5E1DF30091E6F5 /* SyncCloudVC.swift */; };
		6678546A2A5E1DF30091E6F5 /* SyncCloudVC.xib in Resources */ = {isa = PBXBuildFile; fileRef = 667854682A5E1DF30091E6F5 /* SyncCloudVC.xib */; };
		6678546E2A5E1E3F0091E6F5 /* NotificationsVC.swift in Sources */ = {isa = PBXBuildFile; fileRef = 6678546C2A5E1E3F0091E6F5 /* NotificationsVC.swift */; };
		6678546F2A5E1E3F0091E6F5 /* NotificationsVC.xib in Resources */ = {isa = PBXBuildFile; fileRef = 6678546D2A5E1E3F0091E6F5 /* NotificationsVC.xib */; };
		667854732A5E1EA60091E6F5 /* ExportVC.swift in Sources */ = {isa = PBXBuildFile; fileRef = 667854712A5E1EA60091E6F5 /* ExportVC.swift */; };
		667854742A5E1EA60091E6F5 /* ExportVC.xib in Resources */ = {isa = PBXBuildFile; fileRef = 667854722A5E1EA60091E6F5 /* ExportVC.xib */; };
		667854782A5E1EEA0091E6F5 /* FeedbackVC.swift in Sources */ = {isa = PBXBuildFile; fileRef = 667854762A5E1EEA0091E6F5 /* FeedbackVC.swift */; };
		667854792A5E1EEA0091E6F5 /* FeedbackVC.xib in Resources */ = {isa = PBXBuildFile; fileRef = 667854772A5E1EEA0091E6F5 /* FeedbackVC.xib */; };
		6678547D2A5E1F2C0091E6F5 /* HelpVC.swift in Sources */ = {isa = PBXBuildFile; fileRef = 6678547B2A5E1F2C0091E6F5 /* HelpVC.swift */; };
		6678547E2A5E1F2C0091E6F5 /* HelpVC.xib in Resources */ = {isa = PBXBuildFile; fileRef = 6678547C2A5E1F2C0091E6F5 /* HelpVC.xib */; };
		667CB3162A5DDAAE00D25CF8 /* CoControlType.swift in Sources */ = {isa = PBXBuildFile; fileRef = 667CB3152A5DDAAE00D25CF8 /* CoControlType.swift */; };
		667CB31C2A5DF5B600D25CF8 /* ProfileUserCell.swift in Sources */ = {isa = PBXBuildFile; fileRef = 667CB31A2A5DF5B600D25CF8 /* ProfileUserCell.swift */; };
		667CB31D2A5DF5B600D25CF8 /* ProfileUserCell.xib in Resources */ = {isa = PBXBuildFile; fileRef = 667CB31B2A5DF5B600D25CF8 /* ProfileUserCell.xib */; };
		667CB31F2A5DF8AF00D25CF8 /* ProfileTableViewProvider.swift in Sources */ = {isa = PBXBuildFile; fileRef = 667CB31E2A5DF8AF00D25CF8 /* ProfileTableViewProvider.swift */; };
		667CB3222A5DFB8F00D25CF8 /* ProfileControlCell.swift in Sources */ = {isa = PBXBuildFile; fileRef = 667CB3202A5DFB8F00D25CF8 /* ProfileControlCell.swift */; };
		667CB3232A5DFB8F00D25CF8 /* ProfileControlCell.xib in Resources */ = {isa = PBXBuildFile; fileRef = 667CB3212A5DFB8F00D25CF8 /* ProfileControlCell.xib */; };
		667CB3272A5E011200D25CF8 /* DateFormatter+Ext.swift in Sources */ = {isa = PBXBuildFile; fileRef = 667CB3262A5E011200D25CF8 /* DateFormatter+Ext.swift */; };
		667CB3292A5E013800D25CF8 /* Date+Ext.swift in Sources */ = {isa = PBXBuildFile; fileRef = 667CB3282A5E013800D25CF8 /* Date+Ext.swift */; };
		667CB32C2A5E067300D25CF8 /* ProfileBrandCell.swift in Sources */ = {isa = PBXBuildFile; fileRef = 667CB32A2A5E067300D25CF8 /* ProfileBrandCell.swift */; };
		667CB32D2A5E067300D25CF8 /* ProfileBrandCell.xib in Resources */ = {isa = PBXBuildFile; fileRef = 667CB32B2A5E067300D25CF8 /* ProfileBrandCell.xib */; };
		668CE22E2A1800CC00D6E7DF /* AppDelegate.swift in Sources */ = {isa = PBXBuildFile; fileRef = 668CE22D2A1800CC00D6E7DF /* AppDelegate.swift */; };
		668CE2302A1800CC00D6E7DF /* SceneDelegate.swift in Sources */ = {isa = PBXBuildFile; fileRef = 668CE22F2A1800CC00D6E7DF /* SceneDelegate.swift */; };
		668CE2382A1800CC00D6E7DF /* CoPass.xcdatamodeld in Sources */ = {isa = PBXBuildFile; fileRef = 668CE2362A1800CC00D6E7DF /* CoPass.xcdatamodeld */; };
		668CE23A2A1800CD00D6E7DF /* Assets.xcassets in Resources */ = {isa = PBXBuildFile; fileRef = 668CE2392A1800CD00D6E7DF /* Assets.xcassets */; };
		668CE23D2A1800CD00D6E7DF /* LaunchScreen.storyboard in Resources */ = {isa = PBXBuildFile; fileRef = 668CE23B2A1800CD00D6E7DF /* LaunchScreen.storyboard */; };
		668CE2472A18027C00D6E7DF /* AppWireframe.swift in Sources */ = {isa = PBXBuildFile; fileRef = 668CE2462A18027C00D6E7DF /* AppWireframe.swift */; };
		668CE24A2A1802C200D6E7DF /* BaseWireframe.swift in Sources */ = {isa = PBXBuildFile; fileRef = 668CE2492A1802C200D6E7DF /* BaseWireframe.swift */; };
		668CE24C2A18032500D6E7DF /* TransitionType.swift in Sources */ = {isa = PBXBuildFile; fileRef = 668CE24B2A18032500D6E7DF /* TransitionType.swift */; };
		668CE2512A18059E00D6E7DF /* Router.swift in Sources */ = {isa = PBXBuildFile; fileRef = 668CE2502A18059E00D6E7DF /* Router.swift */; };
		668CE2572A1807A000D6E7DF /* BaseUI.swift in Sources */ = {isa = PBXBuildFile; fileRef = 668CE2562A1807A000D6E7DF /* BaseUI.swift */; };
		668CE2592A1807E500D6E7DF /* LoadingUI.swift in Sources */ = {isa = PBXBuildFile; fileRef = 668CE2582A1807E500D6E7DF /* LoadingUI.swift */; };
		668CE25B2A18084400D6E7DF /* BaseViewController.swift in Sources */ = {isa = PBXBuildFile; fileRef = 668CE25A2A18084400D6E7DF /* BaseViewController.swift */; };
		668CE25D2A180B3900D6E7DF /* Presenter.swift in Sources */ = {isa = PBXBuildFile; fileRef = 668CE25C2A180B3900D6E7DF /* Presenter.swift */; };
		668CE25F2A180B5800D6E7DF /* NavigationPresenter.swift in Sources */ = {isa = PBXBuildFile; fileRef = 668CE25E2A180B5800D6E7DF /* NavigationPresenter.swift */; };
		668CE2612A180BB100D6E7DF /* BaseView.swift in Sources */ = {isa = PBXBuildFile; fileRef = 668CE2602A180BB100D6E7DF /* BaseView.swift */; };
		668CE2642A180C2A00D6E7DF /* UIView+Ext.swift in Sources */ = {isa = PBXBuildFile; fileRef = 668CE2632A180C2A00D6E7DF /* UIView+Ext.swift */; };
		668CE2682A180EF100D6E7DF /* OnboardingUI.swift in Sources */ = {isa = PBXBuildFile; fileRef = 668CE2672A180EF100D6E7DF /* OnboardingUI.swift */; };
		668CE26A2A180F2C00D6E7DF /* OnboardingPresenter.swift in Sources */ = {isa = PBXBuildFile; fileRef = 668CE2692A180F2C00D6E7DF /* OnboardingPresenter.swift */; };
		668CE26C2A180FA500D6E7DF /* OnboardingWireframe.swift in Sources */ = {isa = PBXBuildFile; fileRef = 668CE26B2A180FA500D6E7DF /* OnboardingWireframe.swift */; };
		668CE26E2A18104C00D6E7DF /* OnboardingVC.swift in Sources */ = {isa = PBXBuildFile; fileRef = 668CE26D2A18104C00D6E7DF /* OnboardingVC.swift */; };
		668CE2702A18119C00D6E7DF /* NSObject+Ext.swift in Sources */ = {isa = PBXBuildFile; fileRef = 668CE26F2A18119C00D6E7DF /* NSObject+Ext.swift */; };
		668CE2722A18121D00D6E7DF /* OnboardingVC.xib in Resources */ = {isa = PBXBuildFile; fileRef = 668CE2712A18121D00D6E7DF /* OnboardingVC.xib */; };
		668CE2762A181D3100D6E7DF /* UIColor+Ext.swift in Sources */ = {isa = PBXBuildFile; fileRef = 668CE2752A181D3100D6E7DF /* UIColor+Ext.swift */; };
		668CE2782A18394500D6E7DF /* CoButton.swift in Sources */ = {isa = PBXBuildFile; fileRef = 668CE2772A18394500D6E7DF /* CoButton.swift */; };
		66A972372A4CB666009791E2 /* CoCategory.swift in Sources */ = {isa = PBXBuildFile; fileRef = 66A972362A4CB666009791E2 /* CoCategory.swift */; };
		66A972392A4CB6FF009791E2 /* RecordEntity.swift in Sources */ = {isa = PBXBuildFile; fileRef = 66A972382A4CB6FF009791E2 /* RecordEntity.swift */; };
		66B768D32A5216510055CECF /* Notification.swift in Sources */ = {isa = PBXBuildFile; fileRef = 66B768D22A5216510055CECF /* Notification.swift */; };
		66B768D62A5223580055CECF /* HomeSafetyScoreCell.swift in Sources */ = {isa = PBXBuildFile; fileRef = 66B768D42A5223580055CECF /* HomeSafetyScoreCell.swift */; };
		66B768D72A5223580055CECF /* HomeSafetyScoreCell.xib in Resources */ = {isa = PBXBuildFile; fileRef = 66B768D52A5223580055CECF /* HomeSafetyScoreCell.xib */; };
		66B768E02A522EC70055CECF /* CoPieChartView.swift in Sources */ = {isa = PBXBuildFile; fileRef = 66B768DF2A522EC70055CECF /* CoPieChartView.swift */; };
		66C8E1542A55EF450058FF89 /* Record+CoreDataClass.swift in Sources */ = {isa = PBXBuildFile; fileRef = 66C8E1522A55EF450058FF89 /* Record+CoreDataClass.swift */; };
		66C8E1552A55EF450058FF89 /* Record+CoreDataProperties.swift in Sources */ = {isa = PBXBuildFile; fileRef = 66C8E1532A55EF450058FF89 /* Record+CoreDataProperties.swift */; };
		66C8E1572A5600A40058FF89 /* CoSearchField.swift in Sources */ = {isa = PBXBuildFile; fileRef = 66C8E1562A5600A40058FF89 /* CoSearchField.swift */; };
		66C8E1592A56102A0058FF89 /* StoreTableViewProvider.swift in Sources */ = {isa = PBXBuildFile; fileRef = 66C8E1582A56102A0058FF89 /* StoreTableViewProvider.swift */; };
		66D4157D2A5A07E20023DC1A /* RecordFieldCell.swift in Sources */ = {isa = PBXBuildFile; fileRef = 66D4157B2A5A07E20023DC1A /* RecordFieldCell.swift */; };
		66D4157E2A5A07E20023DC1A /* RecordFieldCell.xib in Resources */ = {isa = PBXBuildFile; fileRef = 66D4157C2A5A07E20023DC1A /* RecordFieldCell.xib */; };
		66D481562A48EBD000CE5B5A /* StoreUI.swift in Sources */ = {isa = PBXBuildFile; fileRef = 66D481552A48EBD000CE5B5A /* StoreUI.swift */; };
		66D481582A48EBE200CE5B5A /* StorePresenter.swift in Sources */ = {isa = PBXBuildFile; fileRef = 66D481572A48EBE200CE5B5A /* StorePresenter.swift */; };
		66D4815A2A48EC5C00CE5B5A /* StoreWireframe.swift in Sources */ = {isa = PBXBuildFile; fileRef = 66D481592A48EC5C00CE5B5A /* StoreWireframe.swift */; };
		66D4815C2A48ECAE00CE5B5A /* StoreVC.swift in Sources */ = {isa = PBXBuildFile; fileRef = 66D4815B2A48ECAE00CE5B5A /* StoreVC.swift */; };
		66D4815E2A48ECCB00CE5B5A /* StoreVC.xib in Resources */ = {isa = PBXBuildFile; fileRef = 66D4815D2A48ECCB00CE5B5A /* StoreVC.xib */; };
		66D481612A48ECFD00CE5B5A /* RecordUI.swift in Sources */ = {isa = PBXBuildFile; fileRef = 66D481602A48ECFD00CE5B5A /* RecordUI.swift */; };
		66D481632A48ED0F00CE5B5A /* RecordPresenter.swift in Sources */ = {isa = PBXBuildFile; fileRef = 66D481622A48ED0F00CE5B5A /* RecordPresenter.swift */; };
		66D481652A48ED1700CE5B5A /* RecordWireframe.swift in Sources */ = {isa = PBXBuildFile; fileRef = 66D481642A48ED1700CE5B5A /* RecordWireframe.swift */; };
		66D481672A48ED1D00CE5B5A /* RecordVC.swift in Sources */ = {isa = PBXBuildFile; fileRef = 66D481662A48ED1D00CE5B5A /* RecordVC.swift */; };
		66D481692A48ED3A00CE5B5A /* RecordVC.xib in Resources */ = {isa = PBXBuildFile; fileRef = 66D481682A48ED3A00CE5B5A /* RecordVC.xib */; };
		66D4816C2A48EDF800CE5B5A /* SafetyVC.xib in Resources */ = {isa = PBXBuildFile; fileRef = 66D4816B2A48EDF800CE5B5A /* SafetyVC.xib */; };
		66D4816E2A48EDFE00CE5B5A /* SafetyVC.swift in Sources */ = {isa = PBXBuildFile; fileRef = 66D4816D2A48EDFE00CE5B5A /* SafetyVC.swift */; };
		66D481702A48EE1F00CE5B5A /* SafetyUI.swift in Sources */ = {isa = PBXBuildFile; fileRef = 66D4816F2A48EE1F00CE5B5A /* SafetyUI.swift */; };
		66D481722A48EE3100CE5B5A /* SafetyPresenter.swift in Sources */ = {isa = PBXBuildFile; fileRef = 66D481712A48EE3100CE5B5A /* SafetyPresenter.swift */; };
		66D481742A48EE3800CE5B5A /* SafetyWireframe.swift in Sources */ = {isa = PBXBuildFile; fileRef = 66D481732A48EE3800CE5B5A /* SafetyWireframe.swift */; };
		66D481772A48EEBF00CE5B5A /* ProfileUI.swift in Sources */ = {isa = PBXBuildFile; fileRef = 66D481762A48EEBF00CE5B5A /* ProfileUI.swift */; };
		66D481792A48EEC700CE5B5A /* ProfilePresenter.swift in Sources */ = {isa = PBXBuildFile; fileRef = 66D481782A48EEC700CE5B5A /* ProfilePresenter.swift */; };
		66D4817B2A48EED300CE5B5A /* ProfileWireframe.swift in Sources */ = {isa = PBXBuildFile; fileRef = 66D4817A2A48EED300CE5B5A /* ProfileWireframe.swift */; };
		66D4817D2A48EED800CE5B5A /* ProfileVC.swift in Sources */ = {isa = PBXBuildFile; fileRef = 66D4817C2A48EED800CE5B5A /* ProfileVC.swift */; };
		66D4817F2A48EEDF00CE5B5A /* ProfileVC.xib in Resources */ = {isa = PBXBuildFile; fileRef = 66D4817E2A48EEDF00CE5B5A /* ProfileVC.xib */; };
		66D481822A48F31200CE5B5A /* SnapKit in Frameworks */ = {isa = PBXBuildFile; productRef = 66D481812A48F31200CE5B5A /* SnapKit */; };
		66D481892A48FDB500CE5B5A /* CoTabBar.swift in Sources */ = {isa = PBXBuildFile; fileRef = 66D481882A48FDB500CE5B5A /* CoTabBar.swift */; };
		66D4818B2A48FE0500CE5B5A /* CoTabBar.xib in Resources */ = {isa = PBXBuildFile; fileRef = 66D4818A2A48FE0500CE5B5A /* CoTabBar.xib */; };
		66D4818D2A490A0800CE5B5A /* CoTabBarUI.swift in Sources */ = {isa = PBXBuildFile; fileRef = 66D4818C2A490A0800CE5B5A /* CoTabBarUI.swift */; };
		66D4818F2A490A2000CE5B5A /* CoTabBarPresenter.swift in Sources */ = {isa = PBXBuildFile; fileRef = 66D4818E2A490A2000CE5B5A /* CoTabBarPresenter.swift */; };
		66EAFD072A463F5D005B9DAB /* BioAuthManager.swift in Sources */ = {isa = PBXBuildFile; fileRef = 66EAFD062A463F5D005B9DAB /* BioAuthManager.swift */; };
		66EAFD092A46488D005B9DAB /* CoOneTimeCodeTextField.swift in Sources */ = {isa = PBXBuildFile; fileRef = 66EAFD082A46488D005B9DAB /* CoOneTimeCodeTextField.swift */; };
		66EAFD0C2A465293005B9DAB /* HomeUI.swift in Sources */ = {isa = PBXBuildFile; fileRef = 66EAFD0B2A465293005B9DAB /* HomeUI.swift */; };
		66EAFD0E2A4652B2005B9DAB /* HomeVC.swift in Sources */ = {isa = PBXBuildFile; fileRef = 66EAFD0D2A4652B2005B9DAB /* HomeVC.swift */; };
		66EAFD102A4652D9005B9DAB /* HomeVC.xib in Resources */ = {isa = PBXBuildFile; fileRef = 66EAFD0F2A4652D9005B9DAB /* HomeVC.xib */; };
		66EAFD122A46530B005B9DAB /* HomeWireframe.swift in Sources */ = {isa = PBXBuildFile; fileRef = 66EAFD112A46530B005B9DAB /* HomeWireframe.swift */; };
		66EAFD142A4653B0005B9DAB /* HomePresenter.swift in Sources */ = {isa = PBXBuildFile; fileRef = 66EAFD132A4653B0005B9DAB /* HomePresenter.swift */; };
		66EB525C2A437F9D00866CD8 /* CoTextField.swift in Sources */ = {isa = PBXBuildFile; fileRef = 66EB525B2A437F9D00866CD8 /* CoTextField.swift */; };
		66EB525E2A43B4A500866CD8 /* UIViewController+Ext.swift in Sources */ = {isa = PBXBuildFile; fileRef = 66EB525D2A43B4A500866CD8 /* UIViewController+Ext.swift */; };
		66EB5B372A54D2640072B01D /* IQKeyboardManagerSwift in Frameworks */ = {isa = PBXBuildFile; productRef = 66EB5B362A54D2640072B01D /* IQKeyboardManagerSwift */; };
		66EB5B3B2A54D42A0072B01D /* EmptyRecordCell.swift in Sources */ = {isa = PBXBuildFile; fileRef = 66EB5B392A54D42A0072B01D /* EmptyRecordCell.swift */; };
		66EB5B3C2A54D42A0072B01D /* EmptyRecordCell.xib in Resources */ = {isa = PBXBuildFile; fileRef = 66EB5B3A2A54D42A0072B01D /* EmptyRecordCell.xib */; };
		66EEA5D22A574E1A00A0267D /* MenuActionType.swift in Sources */ = {isa = PBXBuildFile; fileRef = 66EEA5D12A574E1A00A0267D /* MenuActionType.swift */; };
		66EF16932A4E28E300CFF0B2 /* CryptoSwift in Frameworks */ = {isa = PBXBuildFile; productRef = 66EF16922A4E28E300CFF0B2 /* CryptoSwift */; };
		66EF16952A4E290400CFF0B2 /* String+Ext.swift in Sources */ = {isa = PBXBuildFile; fileRef = 66EF16942A4E290400CFF0B2 /* String+Ext.swift */; };
		66EF16972A4E292900CFF0B2 /* Data+Ext.swift in Sources */ = {isa = PBXBuildFile; fileRef = 66EF16962A4E292900CFF0B2 /* Data+Ext.swift */; };
		66EF169A2A4E33A000CFF0B2 /* User+CoreDataClass.swift in Sources */ = {isa = PBXBuildFile; fileRef = 66EF16982A4E33A000CFF0B2 /* User+CoreDataClass.swift */; };
		66EF169B2A4E33A000CFF0B2 /* User+CoreDataProperties.swift in Sources */ = {isa = PBXBuildFile; fileRef = 66EF16992A4E33A000CFF0B2 /* User+CoreDataProperties.swift */; };
		66F9AEB22A1BE90700EAFD58 /* RegisterUI.swift in Sources */ = {isa = PBXBuildFile; fileRef = 66F9AEB12A1BE90700EAFD58 /* RegisterUI.swift */; };
		66F9AEB42A1BE92200EAFD58 /* RegisterPresenter.swift in Sources */ = {isa = PBXBuildFile; fileRef = 66F9AEB32A1BE92200EAFD58 /* RegisterPresenter.swift */; };
		66F9AEB62A1BE99400EAFD58 /* RegisterWireframe.swift in Sources */ = {isa = PBXBuildFile; fileRef = 66F9AEB52A1BE99400EAFD58 /* RegisterWireframe.swift */; };
		66F9AEB82A1BEA8800EAFD58 /* RegisterVC.swift in Sources */ = {isa = PBXBuildFile; fileRef = 66F9AEB72A1BEA8800EAFD58 /* RegisterVC.swift */; };
		66F9AEBA2A1BEAF700EAFD58 /* RegisterVC.xib in Resources */ = {isa = PBXBuildFile; fileRef = 66F9AEB92A1BEAF700EAFD58 /* RegisterVC.xib */; };
		66F9AEBD2A1BEF5700EAFD58 /* LoginVC.swift in Sources */ = {isa = PBXBuildFile; fileRef = 66F9AEBC2A1BEF5700EAFD58 /* LoginVC.swift */; };
		66F9AEBF2A1BEF6E00EAFD58 /* LoginVC.xib in Resources */ = {isa = PBXBuildFile; fileRef = 66F9AEBE2A1BEF6E00EAFD58 /* LoginVC.xib */; };
		66F9AEC12A1BEF7F00EAFD58 /* LoginUI.swift in Sources */ = {isa = PBXBuildFile; fileRef = 66F9AEC02A1BEF7F00EAFD58 /* LoginUI.swift */; };
		66F9AEC32A1BEF9800EAFD58 /* LoginPresenter.swift in Sources */ = {isa = PBXBuildFile; fileRef = 66F9AEC22A1BEF9800EAFD58 /* LoginPresenter.swift */; };
		66F9AEC52A1BEFA200EAFD58 /* LoginWireframe.swift in Sources */ = {isa = PBXBuildFile; fileRef = 66F9AEC42A1BEFA200EAFD58 /* LoginWireframe.swift */; };
		66F9AEC92A1BF64F00EAFD58 /* Localizable.strings in Resources */ = {isa = PBXBuildFile; fileRef = 66F9AECB2A1BF64F00EAFD58 /* Localizable.strings */; };
		66F9AECE2A1BFA7B00EAFD58 /* Localization.swift in Sources */ = {isa = PBXBuildFile; fileRef = 66F9AECD2A1BFA7B00EAFD58 /* Localization.swift */; };
		66F9AED02A1BFB0300EAFD58 /* Language.swift in Sources */ = {isa = PBXBuildFile; fileRef = 66F9AECF2A1BFB0300EAFD58 /* Language.swift */; };
		66F9AED22A1BFB2E00EAFD58 /* AppConstants.swift in Sources */ = {isa = PBXBuildFile; fileRef = 66F9AED12A1BFB2E00EAFD58 /* AppConstants.swift */; };
/* End PBXBuildFile section */

/* Begin PBXFileReference section */
		660838B62A478BE600E72F31 /* CoStorage.swift */ = {isa = PBXFileReference; lastKnownFileType = sourcecode.swift; path = CoStorage.swift; sourceTree = "<group>"; };
		660838B82A47968800E72F31 /* CoError.swift */ = {isa = PBXFileReference; lastKnownFileType = sourcecode.swift; path = CoError.swift; sourceTree = "<group>"; };
		660838BB2A47A7E500E72F31 /* CoTabBarVC.swift */ = {isa = PBXFileReference; lastKnownFileType = sourcecode.swift; path = CoTabBarVC.swift; sourceTree = "<group>"; };
		660838BE2A47A89A00E72F31 /* CoTabBarWireframe.swift */ = {isa = PBXFileReference; lastKnownFileType = sourcecode.swift; path = CoTabBarWireframe.swift; sourceTree = "<group>"; };
		6608C6BF2A4F66F40081603C /* ObservationType.swift */ = {isa = PBXFileReference; lastKnownFileType = sourcecode.swift; path = ObservationType.swift; sourceTree = "<group>"; };
		6608C6C22A4F675C0081603C /* HomeTableViewProvider.swift */ = {isa = PBXFileReference; lastKnownFileType = sourcecode.swift; path = HomeTableViewProvider.swift; sourceTree = "<group>"; };
		6608C6C42A4F67790081603C /* BaseTableViewProvider.swift */ = {isa = PBXFileReference; lastKnownFileType = sourcecode.swift; path = BaseTableViewProvider.swift; sourceTree = "<group>"; };
		6608C6C62A4F67E50081603C /* BaseCollectionViewProvider.swift */ = {isa = PBXFileReference; lastKnownFileType = sourcecode.swift; path = BaseCollectionViewProvider.swift; sourceTree = "<group>"; };
		6608C6C82A4F69750081603C /* UITableView+Ext.swift */ = {isa = PBXFileReference; lastKnownFileType = sourcecode.swift; path = "UITableView+Ext.swift"; sourceTree = "<group>"; };
		6608C6CA2A4F69960081603C /* UICollectionView+Ext.swift */ = {isa = PBXFileReference; lastKnownFileType = sourcecode.swift; path = "UICollectionView+Ext.swift"; sourceTree = "<group>"; };
		6608C6CE2A4F6A5E0081603C /* HomeUserCell.swift */ = {isa = PBXFileReference; lastKnownFileType = sourcecode.swift; path = HomeUserCell.swift; sourceTree = "<group>"; };
		6608C6CF2A4F6A5E0081603C /* HomeUserCell.xib */ = {isa = PBXFileReference; lastKnownFileType = file.xib; path = HomeUserCell.xib; sourceTree = "<group>"; };
		6608C6D32A4F7D720081603C /* CoBadgeView.swift */ = {isa = PBXFileReference; lastKnownFileType = sourcecode.swift; path = CoBadgeView.swift; sourceTree = "<group>"; };
		6608C6D52A4F7D7D0081603C /* CoBadgeView.xib */ = {isa = PBXFileReference; lastKnownFileType = file.xib; path = CoBadgeView.xib; sourceTree = "<group>"; };
		6608C6D72A4F7E4A0081603C /* CoCircularImageView.swift */ = {isa = PBXFileReference; lastKnownFileType = sourcecode.swift; path = CoCircularImageView.swift; sourceTree = "<group>"; };
		661088EB2A4A372B00FE6643 /* AppDesign.swift */ = {isa = PBXFileReference; lastKnownFileType = sourcecode.swift; path = AppDesign.swift; sourceTree = "<group>"; };
		661D3BE52A58B67B0033AFA1 /* RecordTableViewProvider.swift */ = {isa = PBXFileReference; lastKnownFileType = sourcecode.swift; path = RecordTableViewProvider.swift; sourceTree = "<group>"; };
		661D3BE72A58CE160033AFA1 /* RecordCategoryCell.swift */ = {isa = PBXFileReference; lastKnownFileType = sourcecode.swift; path = RecordCategoryCell.swift; sourceTree = "<group>"; };
		661D3BE82A58CE160033AFA1 /* RecordCategoryCell.xib */ = {isa = PBXFileReference; lastKnownFileType = file.xib; path = RecordCategoryCell.xib; sourceTree = "<group>"; };
		661D3BEB2A58D02D0033AFA1 /* RecordCategoryItemCell.swift */ = {isa = PBXFileReference; lastKnownFileType = sourcecode.swift; path = RecordCategoryItemCell.swift; sourceTree = "<group>"; };
		661D3BEC2A58D02D0033AFA1 /* RecordCategoryItemCell.xib */ = {isa = PBXFileReference; lastKnownFileType = file.xib; path = RecordCategoryItemCell.xib; sourceTree = "<group>"; };
		66475B7F2A44C29200E76D71 /* KeychainManager.swift */ = {isa = PBXFileReference; lastKnownFileType = sourcecode.swift; path = KeychainManager.swift; sourceTree = "<group>"; };
		66475B822A44CAFB00E76D71 /* RegisterData.swift */ = {isa = PBXFileReference; lastKnownFileType = sourcecode.swift; path = RegisterData.swift; sourceTree = "<group>"; };
		664F14EB2A5C8DE300AC0A80 /* Array+Ext.swift */ = {isa = PBXFileReference; lastKnownFileType = sourcecode.swift; path = "Array+Ext.swift"; sourceTree = "<group>"; };
		66513C702A5AD94A00C86EAE /* CoRecordFieldType.swift */ = {isa = PBXFileReference; lastKnownFileType = sourcecode.swift; path = CoRecordFieldType.swift; sourceTree = "<group>"; };
		66513C742A5AF10400C86EAE /* RecordPreviewCell.swift */ = {isa = PBXFileReference; lastKnownFileType = sourcecode.swift; path = RecordPreviewCell.swift; sourceTree = "<group>"; };
		66513C752A5AF10400C86EAE /* RecordPreviewCell.xib */ = {isa = PBXFileReference; lastKnownFileType = file.xib; path = RecordPreviewCell.xib; sourceTree = "<group>"; };
		66513C782A5B50AC00C86EAE /* SafetyTableViewProvider.swift */ = {isa = PBXFileReference; lastKnownFileType = sourcecode.swift; path = SafetyTableViewProvider.swift; sourceTree = "<group>"; };
		66513C7B2A5B519E00C86EAE /* SafetyScoreEntity.swift */ = {isa = PBXFileReference; lastKnownFileType = sourcecode.swift; path = SafetyScoreEntity.swift; sourceTree = "<group>"; };
		66513C7E2A5B544B00C86EAE /* SafetyBoardCell.swift */ = {isa = PBXFileReference; lastKnownFileType = sourcecode.swift; path = SafetyBoardCell.swift; sourceTree = "<group>"; };
		66513C7F2A5B544B00C86EAE /* SafetyBoardCell.xib */ = {isa = PBXFileReference; lastKnownFileType = file.xib; path = SafetyBoardCell.xib; sourceTree = "<group>"; };
		66513C822A5B637A00C86EAE /* Int+Ext.swift */ = {isa = PBXFileReference; lastKnownFileType = sourcecode.swift; path = "Int+Ext.swift"; sourceTree = "<group>"; };
		667395D72A53333300F823F8 /* CoSafetyType.swift */ = {isa = PBXFileReference; lastKnownFileType = sourcecode.swift; path = CoSafetyType.swift; sourceTree = "<group>"; };
		667395D92A534BA900F823F8 /* HomeCategoryCell.swift */ = {isa = PBXFileReference; lastKnownFileType = sourcecode.swift; path = HomeCategoryCell.swift; sourceTree = "<group>"; };
		667395DA2A534BA900F823F8 /* HomeCategoryCell.xib */ = {isa = PBXFileReference; lastKnownFileType = file.xib; path = HomeCategoryCell.xib; sourceTree = "<group>"; };
		667395E22A534F8200F823F8 /* HomeCategoryItemCell.swift */ = {isa = PBXFileReference; lastKnownFileType = sourcecode.swift; path = HomeCategoryItemCell.swift; sourceTree = "<group>"; };
		667395E32A534F8200F823F8 /* HomeCategoryItemCell.xib */ = {isa = PBXFileReference; lastKnownFileType = file.xib; path = HomeCategoryItemCell.xib; sourceTree = "<group>"; };
		667395E62A5384C500F823F8 /* CoSectionTitleView.swift */ = {isa = PBXFileReference; lastKnownFileType = sourcecode.swift; path = CoSectionTitleView.swift; sourceTree = "<group>"; };
		667395E92A53894900F823F8 /* RecordCell.swift */ = {isa = PBXFileReference; lastKnownFileType = sourcecode.swift; path = RecordCell.swift; sourceTree = "<group>"; };
		667395EA2A53894900F823F8 /* RecordCell.xib */ = {isa = PBXFileReference; lastKnownFileType = file.xib; path = RecordCell.xib; sourceTree = "<group>"; };
		667854622A5E1CD90091E6F5 /* SettingsVC.swift */ = {isa = PBXFileReference; lastKnownFileType = sourcecode.swift; path = SettingsVC.swift; sourceTree = "<group>"; };
		667854632A5E1CD90091E6F5 /* SettingsVC.xib */ = {isa = PBXFileReference; lastKnownFileType = file.xib; path = SettingsVC.xib; sourceTree = "<group>"; };
		667854672A5E1DF30091E6F5 /* SyncCloudVC.swift */ = {isa = PBXFileReference; lastKnownFileType = sourcecode.swift; path = SyncCloudVC.swift; sourceTree = "<group>"; };
		667854682A5E1DF30091E6F5 /* SyncCloudVC.xib */ = {isa = PBXFileReference; lastKnownFileType = file.xib; path = SyncCloudVC.xib; sourceTree = "<group>"; };
		6678546C2A5E1E3F0091E6F5 /* NotificationsVC.swift */ = {isa = PBXFileReference; lastKnownFileType = sourcecode.swift; path = NotificationsVC.swift; sourceTree = "<group>"; };
		6678546D2A5E1E3F0091E6F5 /* NotificationsVC.xib */ = {isa = PBXFileReference; lastKnownFileType = file.xib; path = NotificationsVC.xib; sourceTree = "<group>"; };
		667854712A5E1EA60091E6F5 /* ExportVC.swift */ = {isa = PBXFileReference; lastKnownFileType = sourcecode.swift; path = ExportVC.swift; sourceTree = "<group>"; };
		667854722A5E1EA60091E6F5 /* ExportVC.xib */ = {isa = PBXFileReference; lastKnownFileType = file.xib; path = ExportVC.xib; sourceTree = "<group>"; };
		667854762A5E1EEA0091E6F5 /* FeedbackVC.swift */ = {isa = PBXFileReference; lastKnownFileType = sourcecode.swift; path = FeedbackVC.swift; sourceTree = "<group>"; };
		667854772A5E1EEA0091E6F5 /* FeedbackVC.xib */ = {isa = PBXFileReference; lastKnownFileType = file.xib; path = FeedbackVC.xib; sourceTree = "<group>"; };
		6678547B2A5E1F2C0091E6F5 /* HelpVC.swift */ = {isa = PBXFileReference; lastKnownFileType = sourcecode.swift; path = HelpVC.swift; sourceTree = "<group>"; };
		6678547C2A5E1F2C0091E6F5 /* HelpVC.xib */ = {isa = PBXFileReference; lastKnownFileType = file.xib; path = HelpVC.xib; sourceTree = "<group>"; };
		667CB3152A5DDAAE00D25CF8 /* CoControlType.swift */ = {isa = PBXFileReference; lastKnownFileType = sourcecode.swift; path = CoControlType.swift; sourceTree = "<group>"; };
		667CB31A2A5DF5B600D25CF8 /* ProfileUserCell.swift */ = {isa = PBXFileReference; lastKnownFileType = sourcecode.swift; path = ProfileUserCell.swift; sourceTree = "<group>"; };
		667CB31B2A5DF5B600D25CF8 /* ProfileUserCell.xib */ = {isa = PBXFileReference; lastKnownFileType = file.xib; path = ProfileUserCell.xib; sourceTree = "<group>"; };
		667CB31E2A5DF8AF00D25CF8 /* ProfileTableViewProvider.swift */ = {isa = PBXFileReference; lastKnownFileType = sourcecode.swift; path = ProfileTableViewProvider.swift; sourceTree = "<group>"; };
		667CB3202A5DFB8F00D25CF8 /* ProfileControlCell.swift */ = {isa = PBXFileReference; lastKnownFileType = sourcecode.swift; path = ProfileControlCell.swift; sourceTree = "<group>"; };
		667CB3212A5DFB8F00D25CF8 /* ProfileControlCell.xib */ = {isa = PBXFileReference; lastKnownFileType = file.xib; path = ProfileControlCell.xib; sourceTree = "<group>"; };
		667CB3262A5E011200D25CF8 /* DateFormatter+Ext.swift */ = {isa = PBXFileReference; lastKnownFileType = sourcecode.swift; path = "DateFormatter+Ext.swift"; sourceTree = "<group>"; };
		667CB3282A5E013800D25CF8 /* Date+Ext.swift */ = {isa = PBXFileReference; lastKnownFileType = sourcecode.swift; path = "Date+Ext.swift"; sourceTree = "<group>"; };
		667CB32A2A5E067300D25CF8 /* ProfileBrandCell.swift */ = {isa = PBXFileReference; lastKnownFileType = sourcecode.swift; path = ProfileBrandCell.swift; sourceTree = "<group>"; };
		667CB32B2A5E067300D25CF8 /* ProfileBrandCell.xib */ = {isa = PBXFileReference; lastKnownFileType = file.xib; path = ProfileBrandCell.xib; sourceTree = "<group>"; };
		668CE22A2A1800CC00D6E7DF /* CoPass.app */ = {isa = PBXFileReference; explicitFileType = wrapper.application; includeInIndex = 0; path = CoPass.app; sourceTree = BUILT_PRODUCTS_DIR; };
		668CE22D2A1800CC00D6E7DF /* AppDelegate.swift */ = {isa = PBXFileReference; lastKnownFileType = sourcecode.swift; path = AppDelegate.swift; sourceTree = "<group>"; };
		668CE22F2A1800CC00D6E7DF /* SceneDelegate.swift */ = {isa = PBXFileReference; lastKnownFileType = sourcecode.swift; path = SceneDelegate.swift; sourceTree = "<group>"; };
		668CE2372A1800CC00D6E7DF /* CoPass.xcdatamodel */ = {isa = PBXFileReference; lastKnownFileType = wrapper.xcdatamodel; path = CoPass.xcdatamodel; sourceTree = "<group>"; };
		668CE2392A1800CD00D6E7DF /* Assets.xcassets */ = {isa = PBXFileReference; lastKnownFileType = folder.assetcatalog; path = Assets.xcassets; sourceTree = "<group>"; };
		668CE23C2A1800CD00D6E7DF /* Base */ = {isa = PBXFileReference; lastKnownFileType = file.storyboard; name = Base; path = Base.lproj/LaunchScreen.storyboard; sourceTree = "<group>"; };
		668CE23E2A1800CD00D6E7DF /* Info.plist */ = {isa = PBXFileReference; lastKnownFileType = text.plist.xml; path = Info.plist; sourceTree = "<group>"; };
		668CE2462A18027C00D6E7DF /* AppWireframe.swift */ = {isa = PBXFileReference; lastKnownFileType = sourcecode.swift; path = AppWireframe.swift; sourceTree = "<group>"; };
		668CE2492A1802C200D6E7DF /* BaseWireframe.swift */ = {isa = PBXFileReference; lastKnownFileType = sourcecode.swift; path = BaseWireframe.swift; sourceTree = "<group>"; };
		668CE24B2A18032500D6E7DF /* TransitionType.swift */ = {isa = PBXFileReference; lastKnownFileType = sourcecode.swift; path = TransitionType.swift; sourceTree = "<group>"; };
		668CE2502A18059E00D6E7DF /* Router.swift */ = {isa = PBXFileReference; lastKnownFileType = sourcecode.swift; path = Router.swift; sourceTree = "<group>"; };
		668CE2562A1807A000D6E7DF /* BaseUI.swift */ = {isa = PBXFileReference; lastKnownFileType = sourcecode.swift; path = BaseUI.swift; sourceTree = "<group>"; };
		668CE2582A1807E500D6E7DF /* LoadingUI.swift */ = {isa = PBXFileReference; lastKnownFileType = sourcecode.swift; path = LoadingUI.swift; sourceTree = "<group>"; };
		668CE25A2A18084400D6E7DF /* BaseViewController.swift */ = {isa = PBXFileReference; lastKnownFileType = sourcecode.swift; path = BaseViewController.swift; sourceTree = "<group>"; };
		668CE25C2A180B3900D6E7DF /* Presenter.swift */ = {isa = PBXFileReference; lastKnownFileType = sourcecode.swift; path = Presenter.swift; sourceTree = "<group>"; };
		668CE25E2A180B5800D6E7DF /* NavigationPresenter.swift */ = {isa = PBXFileReference; lastKnownFileType = sourcecode.swift; path = NavigationPresenter.swift; sourceTree = "<group>"; };
		668CE2602A180BB100D6E7DF /* BaseView.swift */ = {isa = PBXFileReference; lastKnownFileType = sourcecode.swift; path = BaseView.swift; sourceTree = "<group>"; };
		668CE2632A180C2A00D6E7DF /* UIView+Ext.swift */ = {isa = PBXFileReference; lastKnownFileType = sourcecode.swift; path = "UIView+Ext.swift"; sourceTree = "<group>"; };
		668CE2672A180EF100D6E7DF /* OnboardingUI.swift */ = {isa = PBXFileReference; lastKnownFileType = sourcecode.swift; path = OnboardingUI.swift; sourceTree = "<group>"; };
		668CE2692A180F2C00D6E7DF /* OnboardingPresenter.swift */ = {isa = PBXFileReference; lastKnownFileType = sourcecode.swift; path = OnboardingPresenter.swift; sourceTree = "<group>"; };
		668CE26B2A180FA500D6E7DF /* OnboardingWireframe.swift */ = {isa = PBXFileReference; lastKnownFileType = sourcecode.swift; path = OnboardingWireframe.swift; sourceTree = "<group>"; };
		668CE26D2A18104C00D6E7DF /* OnboardingVC.swift */ = {isa = PBXFileReference; lastKnownFileType = sourcecode.swift; path = OnboardingVC.swift; sourceTree = "<group>"; };
		668CE26F2A18119C00D6E7DF /* NSObject+Ext.swift */ = {isa = PBXFileReference; lastKnownFileType = sourcecode.swift; path = "NSObject+Ext.swift"; sourceTree = "<group>"; };
		668CE2712A18121D00D6E7DF /* OnboardingVC.xib */ = {isa = PBXFileReference; lastKnownFileType = file.xib; path = OnboardingVC.xib; sourceTree = "<group>"; };
		668CE2752A181D3100D6E7DF /* UIColor+Ext.swift */ = {isa = PBXFileReference; lastKnownFileType = sourcecode.swift; path = "UIColor+Ext.swift"; sourceTree = "<group>"; };
		668CE2772A18394500D6E7DF /* CoButton.swift */ = {isa = PBXFileReference; lastKnownFileType = sourcecode.swift; path = CoButton.swift; sourceTree = "<group>"; };
		66A972362A4CB666009791E2 /* CoCategory.swift */ = {isa = PBXFileReference; lastKnownFileType = sourcecode.swift; path = CoCategory.swift; sourceTree = "<group>"; };
		66A972382A4CB6FF009791E2 /* RecordEntity.swift */ = {isa = PBXFileReference; lastKnownFileType = sourcecode.swift; path = RecordEntity.swift; sourceTree = "<group>"; };
		66B768D22A5216510055CECF /* Notification.swift */ = {isa = PBXFileReference; lastKnownFileType = sourcecode.swift; path = Notification.swift; sourceTree = "<group>"; };
		66B768D42A5223580055CECF /* HomeSafetyScoreCell.swift */ = {isa = PBXFileReference; lastKnownFileType = sourcecode.swift; path = HomeSafetyScoreCell.swift; sourceTree = "<group>"; };
		66B768D52A5223580055CECF /* HomeSafetyScoreCell.xib */ = {isa = PBXFileReference; lastKnownFileType = file.xib; path = HomeSafetyScoreCell.xib; sourceTree = "<group>"; };
		66B768DF2A522EC70055CECF /* CoPieChartView.swift */ = {isa = PBXFileReference; lastKnownFileType = sourcecode.swift; path = CoPieChartView.swift; sourceTree = "<group>"; };
		66C8E1522A55EF450058FF89 /* Record+CoreDataClass.swift */ = {isa = PBXFileReference; lastKnownFileType = sourcecode.swift; path = "Record+CoreDataClass.swift"; sourceTree = "<group>"; };
		66C8E1532A55EF450058FF89 /* Record+CoreDataProperties.swift */ = {isa = PBXFileReference; lastKnownFileType = sourcecode.swift; path = "Record+CoreDataProperties.swift"; sourceTree = "<group>"; };
		66C8E1562A5600A40058FF89 /* CoSearchField.swift */ = {isa = PBXFileReference; lastKnownFileType = sourcecode.swift; path = CoSearchField.swift; sourceTree = "<group>"; };
		66C8E1582A56102A0058FF89 /* StoreTableViewProvider.swift */ = {isa = PBXFileReference; lastKnownFileType = sourcecode.swift; path = StoreTableViewProvider.swift; sourceTree = "<group>"; };
		66D4157B2A5A07E20023DC1A /* RecordFieldCell.swift */ = {isa = PBXFileReference; lastKnownFileType = sourcecode.swift; path = RecordFieldCell.swift; sourceTree = "<group>"; };
		66D4157C2A5A07E20023DC1A /* RecordFieldCell.xib */ = {isa = PBXFileReference; lastKnownFileType = file.xib; path = RecordFieldCell.xib; sourceTree = "<group>"; };
		66D481552A48EBD000CE5B5A /* StoreUI.swift */ = {isa = PBXFileReference; lastKnownFileType = sourcecode.swift; path = StoreUI.swift; sourceTree = "<group>"; };
		66D481572A48EBE200CE5B5A /* StorePresenter.swift */ = {isa = PBXFileReference; lastKnownFileType = sourcecode.swift; path = StorePresenter.swift; sourceTree = "<group>"; };
		66D481592A48EC5C00CE5B5A /* StoreWireframe.swift */ = {isa = PBXFileReference; lastKnownFileType = sourcecode.swift; path = StoreWireframe.swift; sourceTree = "<group>"; };
		66D4815B2A48ECAE00CE5B5A /* StoreVC.swift */ = {isa = PBXFileReference; lastKnownFileType = sourcecode.swift; path = StoreVC.swift; sourceTree = "<group>"; };
		66D4815D2A48ECCB00CE5B5A /* StoreVC.xib */ = {isa = PBXFileReference; lastKnownFileType = file.xib; path = StoreVC.xib; sourceTree = "<group>"; };
		66D481602A48ECFD00CE5B5A /* RecordUI.swift */ = {isa = PBXFileReference; lastKnownFileType = sourcecode.swift; path = RecordUI.swift; sourceTree = "<group>"; };
		66D481622A48ED0F00CE5B5A /* RecordPresenter.swift */ = {isa = PBXFileReference; lastKnownFileType = sourcecode.swift; path = RecordPresenter.swift; sourceTree = "<group>"; };
		66D481642A48ED1700CE5B5A /* RecordWireframe.swift */ = {isa = PBXFileReference; lastKnownFileType = sourcecode.swift; path = RecordWireframe.swift; sourceTree = "<group>"; };
		66D481662A48ED1D00CE5B5A /* RecordVC.swift */ = {isa = PBXFileReference; lastKnownFileType = sourcecode.swift; path = RecordVC.swift; sourceTree = "<group>"; };
		66D481682A48ED3A00CE5B5A /* RecordVC.xib */ = {isa = PBXFileReference; lastKnownFileType = file.xib; path = RecordVC.xib; sourceTree = "<group>"; };
		66D4816B2A48EDF800CE5B5A /* SafetyVC.xib */ = {isa = PBXFileReference; lastKnownFileType = file.xib; path = SafetyVC.xib; sourceTree = "<group>"; };
		66D4816D2A48EDFE00CE5B5A /* SafetyVC.swift */ = {isa = PBXFileReference; lastKnownFileType = sourcecode.swift; path = SafetyVC.swift; sourceTree = "<group>"; };
		66D4816F2A48EE1F00CE5B5A /* SafetyUI.swift */ = {isa = PBXFileReference; lastKnownFileType = sourcecode.swift; path = SafetyUI.swift; sourceTree = "<group>"; };
		66D481712A48EE3100CE5B5A /* SafetyPresenter.swift */ = {isa = PBXFileReference; lastKnownFileType = sourcecode.swift; path = SafetyPresenter.swift; sourceTree = "<group>"; };
		66D481732A48EE3800CE5B5A /* SafetyWireframe.swift */ = {isa = PBXFileReference; lastKnownFileType = sourcecode.swift; path = SafetyWireframe.swift; sourceTree = "<group>"; };
		66D481762A48EEBF00CE5B5A /* ProfileUI.swift */ = {isa = PBXFileReference; lastKnownFileType = sourcecode.swift; path = ProfileUI.swift; sourceTree = "<group>"; };
		66D481782A48EEC700CE5B5A /* ProfilePresenter.swift */ = {isa = PBXFileReference; lastKnownFileType = sourcecode.swift; path = ProfilePresenter.swift; sourceTree = "<group>"; };
		66D4817A2A48EED300CE5B5A /* ProfileWireframe.swift */ = {isa = PBXFileReference; lastKnownFileType = sourcecode.swift; path = ProfileWireframe.swift; sourceTree = "<group>"; };
		66D4817C2A48EED800CE5B5A /* ProfileVC.swift */ = {isa = PBXFileReference; lastKnownFileType = sourcecode.swift; path = ProfileVC.swift; sourceTree = "<group>"; };
		66D4817E2A48EEDF00CE5B5A /* ProfileVC.xib */ = {isa = PBXFileReference; lastKnownFileType = file.xib; path = ProfileVC.xib; sourceTree = "<group>"; };
		66D481882A48FDB500CE5B5A /* CoTabBar.swift */ = {isa = PBXFileReference; lastKnownFileType = sourcecode.swift; path = CoTabBar.swift; sourceTree = "<group>"; };
		66D4818A2A48FE0500CE5B5A /* CoTabBar.xib */ = {isa = PBXFileReference; lastKnownFileType = file.xib; path = CoTabBar.xib; sourceTree = "<group>"; };
		66D4818C2A490A0800CE5B5A /* CoTabBarUI.swift */ = {isa = PBXFileReference; lastKnownFileType = sourcecode.swift; path = CoTabBarUI.swift; sourceTree = "<group>"; };
		66D4818E2A490A2000CE5B5A /* CoTabBarPresenter.swift */ = {isa = PBXFileReference; lastKnownFileType = sourcecode.swift; path = CoTabBarPresenter.swift; sourceTree = "<group>"; };
		66EAFD062A463F5D005B9DAB /* BioAuthManager.swift */ = {isa = PBXFileReference; lastKnownFileType = sourcecode.swift; path = BioAuthManager.swift; sourceTree = "<group>"; };
		66EAFD082A46488D005B9DAB /* CoOneTimeCodeTextField.swift */ = {isa = PBXFileReference; lastKnownFileType = sourcecode.swift; path = CoOneTimeCodeTextField.swift; sourceTree = "<group>"; };
		66EAFD0B2A465293005B9DAB /* HomeUI.swift */ = {isa = PBXFileReference; lastKnownFileType = sourcecode.swift; path = HomeUI.swift; sourceTree = "<group>"; };
		66EAFD0D2A4652B2005B9DAB /* HomeVC.swift */ = {isa = PBXFileReference; lastKnownFileType = sourcecode.swift; path = HomeVC.swift; sourceTree = "<group>"; };
		66EAFD0F2A4652D9005B9DAB /* HomeVC.xib */ = {isa = PBXFileReference; lastKnownFileType = file.xib; path = HomeVC.xib; sourceTree = "<group>"; };
		66EAFD112A46530B005B9DAB /* HomeWireframe.swift */ = {isa = PBXFileReference; lastKnownFileType = sourcecode.swift; path = HomeWireframe.swift; sourceTree = "<group>"; };
		66EAFD132A4653B0005B9DAB /* HomePresenter.swift */ = {isa = PBXFileReference; lastKnownFileType = sourcecode.swift; path = HomePresenter.swift; sourceTree = "<group>"; };
		66EB525B2A437F9D00866CD8 /* CoTextField.swift */ = {isa = PBXFileReference; lastKnownFileType = sourcecode.swift; path = CoTextField.swift; sourceTree = "<group>"; };
		66EB525D2A43B4A500866CD8 /* UIViewController+Ext.swift */ = {isa = PBXFileReference; lastKnownFileType = sourcecode.swift; path = "UIViewController+Ext.swift"; sourceTree = "<group>"; };
		66EB5B392A54D42A0072B01D /* EmptyRecordCell.swift */ = {isa = PBXFileReference; lastKnownFileType = sourcecode.swift; path = EmptyRecordCell.swift; sourceTree = "<group>"; };
		66EB5B3A2A54D42A0072B01D /* EmptyRecordCell.xib */ = {isa = PBXFileReference; lastKnownFileType = file.xib; path = EmptyRecordCell.xib; sourceTree = "<group>"; };
		66EEA5D12A574E1A00A0267D /* MenuActionType.swift */ = {isa = PBXFileReference; lastKnownFileType = sourcecode.swift; path = MenuActionType.swift; sourceTree = "<group>"; };
		66EF16942A4E290400CFF0B2 /* String+Ext.swift */ = {isa = PBXFileReference; lastKnownFileType = sourcecode.swift; path = "String+Ext.swift"; sourceTree = "<group>"; };
		66EF16962A4E292900CFF0B2 /* Data+Ext.swift */ = {isa = PBXFileReference; lastKnownFileType = sourcecode.swift; path = "Data+Ext.swift"; sourceTree = "<group>"; };
		66EF16982A4E33A000CFF0B2 /* User+CoreDataClass.swift */ = {isa = PBXFileReference; lastKnownFileType = sourcecode.swift; path = "User+CoreDataClass.swift"; sourceTree = "<group>"; };
		66EF16992A4E33A000CFF0B2 /* User+CoreDataProperties.swift */ = {isa = PBXFileReference; lastKnownFileType = sourcecode.swift; path = "User+CoreDataProperties.swift"; sourceTree = "<group>"; };
		66F9AEB12A1BE90700EAFD58 /* RegisterUI.swift */ = {isa = PBXFileReference; lastKnownFileType = sourcecode.swift; path = RegisterUI.swift; sourceTree = "<group>"; };
		66F9AEB32A1BE92200EAFD58 /* RegisterPresenter.swift */ = {isa = PBXFileReference; lastKnownFileType = sourcecode.swift; path = RegisterPresenter.swift; sourceTree = "<group>"; };
		66F9AEB52A1BE99400EAFD58 /* RegisterWireframe.swift */ = {isa = PBXFileReference; lastKnownFileType = sourcecode.swift; path = RegisterWireframe.swift; sourceTree = "<group>"; };
		66F9AEB72A1BEA8800EAFD58 /* RegisterVC.swift */ = {isa = PBXFileReference; lastKnownFileType = sourcecode.swift; path = RegisterVC.swift; sourceTree = "<group>"; };
		66F9AEB92A1BEAF700EAFD58 /* RegisterVC.xib */ = {isa = PBXFileReference; lastKnownFileType = file.xib; path = RegisterVC.xib; sourceTree = "<group>"; };
		66F9AEBC2A1BEF5700EAFD58 /* LoginVC.swift */ = {isa = PBXFileReference; lastKnownFileType = sourcecode.swift; path = LoginVC.swift; sourceTree = "<group>"; };
		66F9AEBE2A1BEF6E00EAFD58 /* LoginVC.xib */ = {isa = PBXFileReference; lastKnownFileType = file.xib; path = LoginVC.xib; sourceTree = "<group>"; };
		66F9AEC02A1BEF7F00EAFD58 /* LoginUI.swift */ = {isa = PBXFileReference; lastKnownFileType = sourcecode.swift; path = LoginUI.swift; sourceTree = "<group>"; };
		66F9AEC22A1BEF9800EAFD58 /* LoginPresenter.swift */ = {isa = PBXFileReference; lastKnownFileType = sourcecode.swift; path = LoginPresenter.swift; sourceTree = "<group>"; };
		66F9AEC42A1BEFA200EAFD58 /* LoginWireframe.swift */ = {isa = PBXFileReference; lastKnownFileType = sourcecode.swift; path = LoginWireframe.swift; sourceTree = "<group>"; };
		66F9AEC62A1BF60900EAFD58 /* tr */ = {isa = PBXFileReference; lastKnownFileType = text.plist.strings; name = tr; path = tr.lproj/LaunchScreen.strings; sourceTree = "<group>"; };
		66F9AECA2A1BF64F00EAFD58 /* en */ = {isa = PBXFileReference; lastKnownFileType = text.plist.strings; name = en; path = en.lproj/Localizable.strings; sourceTree = "<group>"; };
		66F9AECC2A1BF65300EAFD58 /* tr */ = {isa = PBXFileReference; lastKnownFileType = text.plist.strings; name = tr; path = tr.lproj/Localizable.strings; sourceTree = "<group>"; };
		66F9AECD2A1BFA7B00EAFD58 /* Localization.swift */ = {isa = PBXFileReference; lastKnownFileType = sourcecode.swift; path = Localization.swift; sourceTree = "<group>"; };
		66F9AECF2A1BFB0300EAFD58 /* Language.swift */ = {isa = PBXFileReference; lastKnownFileType = sourcecode.swift; path = Language.swift; sourceTree = "<group>"; };
		66F9AED12A1BFB2E00EAFD58 /* AppConstants.swift */ = {isa = PBXFileReference; lastKnownFileType = sourcecode.swift; path = AppConstants.swift; sourceTree = "<group>"; };
/* End PBXFileReference section */

/* Begin PBXFrameworksBuildPhase section */
		668CE2272A1800CC00D6E7DF /* Frameworks */ = {
			isa = PBXFrameworksBuildPhase;
			buildActionMask = 2147483647;
			files = (
				66EB5B372A54D2640072B01D /* IQKeyboardManagerSwift in Frameworks */,
				6622B58A2A4A3648000F31F1 /* NVActivityIndicatorView in Frameworks */,
				66475B882A44D52B00E76D71 /* SPIndicator in Frameworks */,
				66D481822A48F31200CE5B5A /* SnapKit in Frameworks */,
				6622B5872A4A29FF000F31F1 /* ViewAnimator in Frameworks */,
				66EF16932A4E28E300CFF0B2 /* CryptoSwift in Frameworks */,
			);
			runOnlyForDeploymentPostprocessing = 0;
		};
/* End PBXFrameworksBuildPhase section */

/* Begin PBXGroup section */
		660838B12A477FBC00E72F31 /* User */ = {
			isa = PBXGroup;
			children = (
				66EF16982A4E33A000CFF0B2 /* User+CoreDataClass.swift */,
				66EF16992A4E33A000CFF0B2 /* User+CoreDataProperties.swift */,
			);
			path = User;
			sourceTree = "<group>";
		};
		660838BD2A47A87700E72F31 /* TabBar */ = {
			isa = PBXGroup;
			children = (
				66D4818C2A490A0800CE5B5A /* CoTabBarUI.swift */,
				66D4818E2A490A2000CE5B5A /* CoTabBarPresenter.swift */,
				660838BE2A47A89A00E72F31 /* CoTabBarWireframe.swift */,
				660838BB2A47A7E500E72F31 /* CoTabBarVC.swift */,
			);
			path = TabBar;
			sourceTree = "<group>";
		};
		6608C6C12A4F67430081603C /* Provider */ = {
			isa = PBXGroup;
			children = (
				6608C6C22A4F675C0081603C /* HomeTableViewProvider.swift */,
				66C8E1582A56102A0058FF89 /* StoreTableViewProvider.swift */,
				661D3BE52A58B67B0033AFA1 /* RecordTableViewProvider.swift */,
				66513C782A5B50AC00C86EAE /* SafetyTableViewProvider.swift */,
				667CB31E2A5DF8AF00D25CF8 /* ProfileTableViewProvider.swift */,
			);
			path = Provider;
			sourceTree = "<group>";
		};
		6608C6CC2A4F6A260081603C /* Cells */ = {
			isa = PBXGroup;
			children = (
				667CB3172A5DF59700D25CF8 /* Profile */,
				66513C7D2A5B540200C86EAE /* Safety */,
				667395E82A53893200F823F8 /* Record */,
				6608C6CD2A4F6A2C0081603C /* Home */,
			);
			path = Cells;
			sourceTree = "<group>";
		};
		6608C6CD2A4F6A2C0081603C /* Home */ = {
			isa = PBXGroup;
			children = (
				6608C6CE2A4F6A5E0081603C /* HomeUserCell.swift */,
				6608C6CF2A4F6A5E0081603C /* HomeUserCell.xib */,
				66B768D42A5223580055CECF /* HomeSafetyScoreCell.swift */,
				66B768D52A5223580055CECF /* HomeSafetyScoreCell.xib */,
				667395D92A534BA900F823F8 /* HomeCategoryCell.swift */,
				667395DA2A534BA900F823F8 /* HomeCategoryCell.xib */,
				667395E22A534F8200F823F8 /* HomeCategoryItemCell.swift */,
				667395E32A534F8200F823F8 /* HomeCategoryItemCell.xib */,
			);
			path = Home;
			sourceTree = "<group>";
		};
		6608C6D22A4F7D0B0081603C /* CoBadgeButton */ = {
			isa = PBXGroup;
			children = (
				6608C6D32A4F7D720081603C /* CoBadgeView.swift */,
				6608C6D52A4F7D7D0081603C /* CoBadgeView.xib */,
			);
			path = CoBadgeButton;
			sourceTree = "<group>";
		};
		66475B7E2A44C22600E76D71 /* Managers */ = {
			isa = PBXGroup;
			children = (
				66475B7F2A44C29200E76D71 /* KeychainManager.swift */,
				66EAFD062A463F5D005B9DAB /* BioAuthManager.swift */,
			);
			path = Managers;
			sourceTree = "<group>";
		};
		66475B812A44CA8700E76D71 /* Register */ = {
			isa = PBXGroup;
			children = (
				66475B822A44CAFB00E76D71 /* RegisterData.swift */,
			);
			path = Register;
			sourceTree = "<group>";
		};
		66513C7A2A5B518700C86EAE /* SafetScore */ = {
			isa = PBXGroup;
			children = (
				66513C7B2A5B519E00C86EAE /* SafetyScoreEntity.swift */,
			);
			path = SafetScore;
			sourceTree = "<group>";
		};
		66513C7D2A5B540200C86EAE /* Safety */ = {
			isa = PBXGroup;
			children = (
				66513C7E2A5B544B00C86EAE /* SafetyBoardCell.swift */,
				66513C7F2A5B544B00C86EAE /* SafetyBoardCell.xib */,
			);
			path = Safety;
			sourceTree = "<group>";
		};
		667395E82A53893200F823F8 /* Record */ = {
			isa = PBXGroup;
			children = (
				66EB5B392A54D42A0072B01D /* EmptyRecordCell.swift */,
				66EB5B3A2A54D42A0072B01D /* EmptyRecordCell.xib */,
				667395E92A53894900F823F8 /* RecordCell.swift */,
				667395EA2A53894900F823F8 /* RecordCell.xib */,
				66513C742A5AF10400C86EAE /* RecordPreviewCell.swift */,
				66513C752A5AF10400C86EAE /* RecordPreviewCell.xib */,
				661D3BE72A58CE160033AFA1 /* RecordCategoryCell.swift */,
				661D3BE82A58CE160033AFA1 /* RecordCategoryCell.xib */,
				661D3BEB2A58D02D0033AFA1 /* RecordCategoryItemCell.swift */,
				661D3BEC2A58D02D0033AFA1 /* RecordCategoryItemCell.xib */,
				66D4157B2A5A07E20023DC1A /* RecordFieldCell.swift */,
				66D4157C2A5A07E20023DC1A /* RecordFieldCell.xib */,
			);
			path = Record;
			sourceTree = "<group>";
		};
		667854612A5E1CB40091E6F5 /* SettingsVC */ = {
			isa = PBXGroup;
			children = (
				667854622A5E1CD90091E6F5 /* SettingsVC.swift */,
				667854632A5E1CD90091E6F5 /* SettingsVC.xib */,
			);
			path = SettingsVC;
			sourceTree = "<group>";
		};
		667854662A5E1DD80091E6F5 /* SyncCloudVC */ = {
			isa = PBXGroup;
			children = (
				667854672A5E1DF30091E6F5 /* SyncCloudVC.swift */,
				667854682A5E1DF30091E6F5 /* SyncCloudVC.xib */,
			);
			path = SyncCloudVC;
			sourceTree = "<group>";
		};
		6678546B2A5E1E2F0091E6F5 /* NotificationsVC */ = {
			isa = PBXGroup;
			children = (
				6678546C2A5E1E3F0091E6F5 /* NotificationsVC.swift */,
				6678546D2A5E1E3F0091E6F5 /* NotificationsVC.xib */,
			);
			path = NotificationsVC;
			sourceTree = "<group>";
		};
		667854702A5E1E940091E6F5 /* ExportVC */ = {
			isa = PBXGroup;
			children = (
				667854712A5E1EA60091E6F5 /* ExportVC.swift */,
				667854722A5E1EA60091E6F5 /* ExportVC.xib */,
			);
			path = ExportVC;
			sourceTree = "<group>";
		};
		667854752A5E1EDB0091E6F5 /* FeedbackVC */ = {
			isa = PBXGroup;
			children = (
				667854762A5E1EEA0091E6F5 /* FeedbackVC.swift */,
				667854772A5E1EEA0091E6F5 /* FeedbackVC.xib */,
			);
			path = FeedbackVC;
			sourceTree = "<group>";
		};
		6678547A2A5E1F1D0091E6F5 /* HelpVC */ = {
			isa = PBXGroup;
			children = (
				6678547B2A5E1F2C0091E6F5 /* HelpVC.swift */,
				6678547C2A5E1F2C0091E6F5 /* HelpVC.xib */,
			);
			path = HelpVC;
			sourceTree = "<group>";
		};
		667CB3172A5DF59700D25CF8 /* Profile */ = {
			isa = PBXGroup;
			children = (
				667CB31A2A5DF5B600D25CF8 /* ProfileUserCell.swift */,
				667CB31B2A5DF5B600D25CF8 /* ProfileUserCell.xib */,
				667CB3202A5DFB8F00D25CF8 /* ProfileControlCell.swift */,
				667CB3212A5DFB8F00D25CF8 /* ProfileControlCell.xib */,
				667CB32A2A5E067300D25CF8 /* ProfileBrandCell.swift */,
				667CB32B2A5E067300D25CF8 /* ProfileBrandCell.xib */,
			);
			path = Profile;
			sourceTree = "<group>";
		};
		668CE2212A1800CC00D6E7DF = {
			isa = PBXGroup;
			children = (
				668CE22C2A1800CC00D6E7DF /* CoPass */,
				668CE22B2A1800CC00D6E7DF /* Products */,
				9F204861E7BD285AAD258C47 /* Pods */,
			);
			sourceTree = "<group>";
		};
		668CE22B2A1800CC00D6E7DF /* Products */ = {
			isa = PBXGroup;
			children = (
				668CE22A2A1800CC00D6E7DF /* CoPass.app */,
			);
			name = Products;
			sourceTree = "<group>";
		};
		668CE22C2A1800CC00D6E7DF /* CoPass */ = {
			isa = PBXGroup;
			children = (
				668CE24D2A18033300D6E7DF /* Utilities */,
				668CE2442A18020F00D6E7DF /* MVP */,
				668CE2522A18072E00D6E7DF /* Views */,
				668CE24E2A18035700D6E7DF /* Supporting Files */,
				668CE23E2A1800CD00D6E7DF /* Info.plist */,
				668CE2362A1800CC00D6E7DF /* CoPass.xcdatamodeld */,
			);
			path = CoPass;
			sourceTree = "<group>";
		};
		668CE2442A18020F00D6E7DF /* MVP */ = {
			isa = PBXGroup;
			children = (
				668CE2542A18076F00D6E7DF /* Model */,
				668CE2452A18021500D6E7DF /* AppDelegate */,
				668CE2482A1802B700D6E7DF /* Base */,
				668CE24F2A18059200D6E7DF /* Navigate */,
				6608C6C12A4F67430081603C /* Provider */,
				668CE2652A180EB300D6E7DF /* Scene */,
			);
			path = MVP;
			sourceTree = "<group>";
		};
		668CE2452A18021500D6E7DF /* AppDelegate */ = {
			isa = PBXGroup;
			children = (
				668CE22D2A1800CC00D6E7DF /* AppDelegate.swift */,
				668CE22F2A1800CC00D6E7DF /* SceneDelegate.swift */,
				668CE2462A18027C00D6E7DF /* AppWireframe.swift */,
			);
			path = AppDelegate;
			sourceTree = "<group>";
		};
		668CE2482A1802B700D6E7DF /* Base */ = {
			isa = PBXGroup;
			children = (
				668CE2562A1807A000D6E7DF /* BaseUI.swift */,
				668CE2602A180BB100D6E7DF /* BaseView.swift */,
				668CE25A2A18084400D6E7DF /* BaseViewController.swift */,
				668CE2492A1802C200D6E7DF /* BaseWireframe.swift */,
				6608C6C42A4F67790081603C /* BaseTableViewProvider.swift */,
				6608C6C62A4F67E50081603C /* BaseCollectionViewProvider.swift */,
				668CE2582A1807E500D6E7DF /* LoadingUI.swift */,
				668CE25C2A180B3900D6E7DF /* Presenter.swift */,
				668CE25E2A180B5800D6E7DF /* NavigationPresenter.swift */,
			);
			path = Base;
			sourceTree = "<group>";
		};
		668CE24D2A18033300D6E7DF /* Utilities */ = {
			isa = PBXGroup;
			children = (
				660838B62A478BE600E72F31 /* CoStorage.swift */,
				66B768D22A5216510055CECF /* Notification.swift */,
				66475B7E2A44C22600E76D71 /* Managers */,
				668CE2622A180C1E00D6E7DF /* Extensions */,
				66F9AECD2A1BFA7B00EAFD58 /* Localization.swift */,
				66F9AECF2A1BFB0300EAFD58 /* Language.swift */,
				6608C6BF2A4F66F40081603C /* ObservationType.swift */,
				66F9AED12A1BFB2E00EAFD58 /* AppConstants.swift */,
				661088EB2A4A372B00FE6643 /* AppDesign.swift */,
				66EEA5D12A574E1A00A0267D /* MenuActionType.swift */,
			);
			path = Utilities;
			sourceTree = "<group>";
		};
		668CE24E2A18035700D6E7DF /* Supporting Files */ = {
			isa = PBXGroup;
			children = (
				668CE2392A1800CD00D6E7DF /* Assets.xcassets */,
				668CE23B2A1800CD00D6E7DF /* LaunchScreen.storyboard */,
				66F9AECB2A1BF64F00EAFD58 /* Localizable.strings */,
			);
			path = "Supporting Files";
			sourceTree = "<group>";
		};
		668CE24F2A18059200D6E7DF /* Navigate */ = {
			isa = PBXGroup;
			children = (
				668CE2502A18059E00D6E7DF /* Router.swift */,
				668CE24B2A18032500D6E7DF /* TransitionType.swift */,
			);
			path = Navigate;
			sourceTree = "<group>";
		};
		668CE2522A18072E00D6E7DF /* Views */ = {
			isa = PBXGroup;
			children = (
				6608C6CC2A4F6A260081603C /* Cells */,
				66D481872A48FDA000CE5B5A /* TabBar */,
				668CE2532A18076500D6E7DF /* Common */,
			);
			path = Views;
			sourceTree = "<group>";
		};
		668CE2532A18076500D6E7DF /* Common */ = {
			isa = PBXGroup;
			children = (
				66B768E12A522FDB0055CECF /* CoPieChartView */,
				6608C6D22A4F7D0B0081603C /* CoBadgeButton */,
				668CE2772A18394500D6E7DF /* CoButton.swift */,
				66EB525B2A437F9D00866CD8 /* CoTextField.swift */,
				66EAFD082A46488D005B9DAB /* CoOneTimeCodeTextField.swift */,
				6608C6D72A4F7E4A0081603C /* CoCircularImageView.swift */,
				667395E62A5384C500F823F8 /* CoSectionTitleView.swift */,
				66C8E1562A5600A40058FF89 /* CoSearchField.swift */,
			);
			path = Common;
			sourceTree = "<group>";
		};
		668CE2542A18076F00D6E7DF /* Model */ = {
			isa = PBXGroup;
			children = (
				660838B82A47968800E72F31 /* CoError.swift */,
				66A972362A4CB666009791E2 /* CoCategory.swift */,
				667395D72A53333300F823F8 /* CoSafetyType.swift */,
				66513C702A5AD94A00C86EAE /* CoRecordFieldType.swift */,
				667CB3152A5DDAAE00D25CF8 /* CoControlType.swift */,
				66513C7A2A5B518700C86EAE /* SafetScore */,
				66A9722C2A4CAEF8009791E2 /* Record */,
				660838B12A477FBC00E72F31 /* User */,
				66475B812A44CA8700E76D71 /* Register */,
			);
			path = Model;
			sourceTree = "<group>";
		};
		668CE2622A180C1E00D6E7DF /* Extensions */ = {
			isa = PBXGroup;
			children = (
				668CE26F2A18119C00D6E7DF /* NSObject+Ext.swift */,
				668CE2632A180C2A00D6E7DF /* UIView+Ext.swift */,
				66EB525D2A43B4A500866CD8 /* UIViewController+Ext.swift */,
				668CE2752A181D3100D6E7DF /* UIColor+Ext.swift */,
				66513C822A5B637A00C86EAE /* Int+Ext.swift */,
				66EF16942A4E290400CFF0B2 /* String+Ext.swift */,
				664F14EB2A5C8DE300AC0A80 /* Array+Ext.swift */,
				66EF16962A4E292900CFF0B2 /* Data+Ext.swift */,
				6608C6C82A4F69750081603C /* UITableView+Ext.swift */,
				6608C6CA2A4F69960081603C /* UICollectionView+Ext.swift */,
				667CB3262A5E011200D25CF8 /* DateFormatter+Ext.swift */,
				667CB3282A5E013800D25CF8 /* Date+Ext.swift */,
			);
			path = Extensions;
			sourceTree = "<group>";
		};
		668CE2652A180EB300D6E7DF /* Scene */ = {
			isa = PBXGroup;
			children = (
				660838BD2A47A87700E72F31 /* TabBar */,
				66D481752A48EEAE00CE5B5A /* Profile */,
				66D4816A2A48EDEA00CE5B5A /* Safety */,
				66D4815F2A48ECF300CE5B5A /* Record */,
				66D481542A48E9FB00CE5B5A /* Store */,
				66EAFD0A2A465289005B9DAB /* Home */,
				66F9AEBB2A1BEF3A00EAFD58 /* Login */,
				66F9AEB02A1BE8F800EAFD58 /* Register */,
				668CE2662A180EDF00D6E7DF /* Onboarding */,
				6678547A2A5E1F1D0091E6F5 /* HelpVC */,
				667854752A5E1EDB0091E6F5 /* FeedbackVC */,
				667854702A5E1E940091E6F5 /* ExportVC */,
				6678546B2A5E1E2F0091E6F5 /* NotificationsVC */,
				667854662A5E1DD80091E6F5 /* SyncCloudVC */,
				667854612A5E1CB40091E6F5 /* SettingsVC */,
			);
			path = Scene;
			sourceTree = "<group>";
		};
		668CE2662A180EDF00D6E7DF /* Onboarding */ = {
			isa = PBXGroup;
			children = (
				668CE2672A180EF100D6E7DF /* OnboardingUI.swift */,
				668CE2692A180F2C00D6E7DF /* OnboardingPresenter.swift */,
				668CE26B2A180FA500D6E7DF /* OnboardingWireframe.swift */,
				668CE26D2A18104C00D6E7DF /* OnboardingVC.swift */,
				668CE2712A18121D00D6E7DF /* OnboardingVC.xib */,
			);
			path = Onboarding;
			sourceTree = "<group>";
		};
		66A9722C2A4CAEF8009791E2 /* Record */ = {
			isa = PBXGroup;
			children = (
				66A972382A4CB6FF009791E2 /* RecordEntity.swift */,
				66C8E1522A55EF450058FF89 /* Record+CoreDataClass.swift */,
				66C8E1532A55EF450058FF89 /* Record+CoreDataProperties.swift */,
			);
			path = Record;
			sourceTree = "<group>";
		};
		66B768E12A522FDB0055CECF /* CoPieChartView */ = {
			isa = PBXGroup;
			children = (
				66B768DF2A522EC70055CECF /* CoPieChartView.swift */,
			);
			path = CoPieChartView;
			sourceTree = "<group>";
		};
		66D481542A48E9FB00CE5B5A /* Store */ = {
			isa = PBXGroup;
			children = (
				66D481552A48EBD000CE5B5A /* StoreUI.swift */,
				66D481572A48EBE200CE5B5A /* StorePresenter.swift */,
				66D481592A48EC5C00CE5B5A /* StoreWireframe.swift */,
				66D4815B2A48ECAE00CE5B5A /* StoreVC.swift */,
				66D4815D2A48ECCB00CE5B5A /* StoreVC.xib */,
			);
			path = Store;
			sourceTree = "<group>";
		};
		66D4815F2A48ECF300CE5B5A /* Record */ = {
			isa = PBXGroup;
			children = (
				66D481602A48ECFD00CE5B5A /* RecordUI.swift */,
				66D481622A48ED0F00CE5B5A /* RecordPresenter.swift */,
				66D481642A48ED1700CE5B5A /* RecordWireframe.swift */,
				66D481662A48ED1D00CE5B5A /* RecordVC.swift */,
				66D481682A48ED3A00CE5B5A /* RecordVC.xib */,
			);
			path = Record;
			sourceTree = "<group>";
		};
		66D4816A2A48EDEA00CE5B5A /* Safety */ = {
			isa = PBXGroup;
			children = (
				66D4816F2A48EE1F00CE5B5A /* SafetyUI.swift */,
				66D481712A48EE3100CE5B5A /* SafetyPresenter.swift */,
				66D481732A48EE3800CE5B5A /* SafetyWireframe.swift */,
				66D4816D2A48EDFE00CE5B5A /* SafetyVC.swift */,
				66D4816B2A48EDF800CE5B5A /* SafetyVC.xib */,
			);
			path = Safety;
			sourceTree = "<group>";
		};
		66D481752A48EEAE00CE5B5A /* Profile */ = {
			isa = PBXGroup;
			children = (
				66D481762A48EEBF00CE5B5A /* ProfileUI.swift */,
				66D481782A48EEC700CE5B5A /* ProfilePresenter.swift */,
				66D4817A2A48EED300CE5B5A /* ProfileWireframe.swift */,
				66D4817C2A48EED800CE5B5A /* ProfileVC.swift */,
				66D4817E2A48EEDF00CE5B5A /* ProfileVC.xib */,
			);
			path = Profile;
			sourceTree = "<group>";
		};
		66D481872A48FDA000CE5B5A /* TabBar */ = {
			isa = PBXGroup;
			children = (
				66D481882A48FDB500CE5B5A /* CoTabBar.swift */,
				66D4818A2A48FE0500CE5B5A /* CoTabBar.xib */,
			);
			path = TabBar;
			sourceTree = "<group>";
		};
		66EAFD0A2A465289005B9DAB /* Home */ = {
			isa = PBXGroup;
			children = (
				66EAFD0B2A465293005B9DAB /* HomeUI.swift */,
				66EAFD132A4653B0005B9DAB /* HomePresenter.swift */,
				66EAFD112A46530B005B9DAB /* HomeWireframe.swift */,
				66EAFD0D2A4652B2005B9DAB /* HomeVC.swift */,
				66EAFD0F2A4652D9005B9DAB /* HomeVC.xib */,
			);
			path = Home;
			sourceTree = "<group>";
		};
		66F9AEB02A1BE8F800EAFD58 /* Register */ = {
			isa = PBXGroup;
			children = (
				66F9AEB12A1BE90700EAFD58 /* RegisterUI.swift */,
				66F9AEB32A1BE92200EAFD58 /* RegisterPresenter.swift */,
				66F9AEB52A1BE99400EAFD58 /* RegisterWireframe.swift */,
				66F9AEB72A1BEA8800EAFD58 /* RegisterVC.swift */,
				66F9AEB92A1BEAF700EAFD58 /* RegisterVC.xib */,
			);
			path = Register;
			sourceTree = "<group>";
		};
		66F9AEBB2A1BEF3A00EAFD58 /* Login */ = {
			isa = PBXGroup;
			children = (
				66F9AEC02A1BEF7F00EAFD58 /* LoginUI.swift */,
				66F9AEC22A1BEF9800EAFD58 /* LoginPresenter.swift */,
				66F9AEC42A1BEFA200EAFD58 /* LoginWireframe.swift */,
				66F9AEBC2A1BEF5700EAFD58 /* LoginVC.swift */,
				66F9AEBE2A1BEF6E00EAFD58 /* LoginVC.xib */,
			);
			path = Login;
			sourceTree = "<group>";
		};
		9F204861E7BD285AAD258C47 /* Pods */ = {
			isa = PBXGroup;
			children = (
			);
			path = Pods;
			sourceTree = "<group>";
		};
/* End PBXGroup section */

/* Begin PBXNativeTarget section */
		668CE2292A1800CC00D6E7DF /* CoPass */ = {
			isa = PBXNativeTarget;
			buildConfigurationList = 668CE2412A1800CD00D6E7DF /* Build configuration list for PBXNativeTarget "CoPass" */;
			buildPhases = (
				668CE2262A1800CC00D6E7DF /* Sources */,
				668CE2272A1800CC00D6E7DF /* Frameworks */,
				668CE2282A1800CC00D6E7DF /* Resources */,
			);
			buildRules = (
			);
			dependencies = (
			);
			name = CoPass;
			packageProductDependencies = (
				66475B872A44D52B00E76D71 /* SPIndicator */,
				66D481812A48F31200CE5B5A /* SnapKit */,
				6622B5862A4A29FF000F31F1 /* ViewAnimator */,
				6622B5892A4A3648000F31F1 /* NVActivityIndicatorView */,
				66EF16922A4E28E300CFF0B2 /* CryptoSwift */,
				66EB5B362A54D2640072B01D /* IQKeyboardManagerSwift */,
			);
			productName = CoPass;
			productReference = 668CE22A2A1800CC00D6E7DF /* CoPass.app */;
			productType = "com.apple.product-type.application";
		};
/* End PBXNativeTarget section */

/* Begin PBXProject section */
		668CE2222A1800CC00D6E7DF /* Project object */ = {
			isa = PBXProject;
			attributes = {
				BuildIndependentTargetsInParallel = 1;
				LastSwiftUpdateCheck = 1430;
				LastUpgradeCheck = 1430;
				TargetAttributes = {
					668CE2292A1800CC00D6E7DF = {
						CreatedOnToolsVersion = 14.3;
					};
				};
			};
			buildConfigurationList = 668CE2252A1800CC00D6E7DF /* Build configuration list for PBXProject "CoPass" */;
			compatibilityVersion = "Xcode 14.0";
			developmentRegion = en;
			hasScannedForEncodings = 0;
			knownRegions = (
				en,
				Base,
				tr,
			);
			mainGroup = 668CE2212A1800CC00D6E7DF;
			packageReferences = (
				66475B862A44D52B00E76D71 /* XCRemoteSwiftPackageReference "SPIndicator" */,
				66D481802A48F31200CE5B5A /* XCRemoteSwiftPackageReference "SnapKit" */,
				6622B5852A4A29FF000F31F1 /* XCRemoteSwiftPackageReference "ViewAnimator" */,
				6622B5882A4A3648000F31F1 /* XCRemoteSwiftPackageReference "NVActivityIndicatorView" */,
				66EF16912A4E28E300CFF0B2 /* XCRemoteSwiftPackageReference "CryptoSwift" */,
				66EB5B352A54D2640072B01D /* XCRemoteSwiftPackageReference "IQKeyboardManager" */,
			);
			productRefGroup = 668CE22B2A1800CC00D6E7DF /* Products */;
			projectDirPath = "";
			projectRoot = "";
			targets = (
				668CE2292A1800CC00D6E7DF /* CoPass */,
			);
		};
/* End PBXProject section */

/* Begin PBXResourcesBuildPhase section */
		668CE2282A1800CC00D6E7DF /* Resources */ = {
			isa = PBXResourcesBuildPhase;
			buildActionMask = 2147483647;
			files = (
				667395EC2A53894900F823F8 /* RecordCell.xib in Resources */,
				66F9AEBF2A1BEF6E00EAFD58 /* LoginVC.xib in Resources */,
				66D481692A48ED3A00CE5B5A /* RecordVC.xib in Resources */,
				66D4157E2A5A07E20023DC1A /* RecordFieldCell.xib in Resources */,
				66D4816C2A48EDF800CE5B5A /* SafetyVC.xib in Resources */,
				661D3BEA2A58CE160033AFA1 /* RecordCategoryCell.xib in Resources */,
				66F9AEC92A1BF64F00EAFD58 /* Localizable.strings in Resources */,
				66D4815E2A48ECCB00CE5B5A /* StoreVC.xib in Resources */,
				66513C812A5B544B00C86EAE /* SafetyBoardCell.xib in Resources */,
				667395E52A534F8200F823F8 /* HomeCategoryItemCell.xib in Resources */,
				668CE23D2A1800CD00D6E7DF /* LaunchScreen.storyboard in Resources */,
				66F9AEBA2A1BEAF700EAFD58 /* RegisterVC.xib in Resources */,
				668CE2722A18121D00D6E7DF /* OnboardingVC.xib in Resources */,
				66EB5B3C2A54D42A0072B01D /* EmptyRecordCell.xib in Resources */,
				661D3BEE2A58D02D0033AFA1 /* RecordCategoryItemCell.xib in Resources */,
				667CB3232A5DFB8F00D25CF8 /* ProfileControlCell.xib in Resources */,
				668CE23A2A1800CD00D6E7DF /* Assets.xcassets in Resources */,
				6608C6D62A4F7D7E0081603C /* CoBadgeView.xib in Resources */,
				66B768D72A5223580055CECF /* HomeSafetyScoreCell.xib in Resources */,
				66EAFD102A4652D9005B9DAB /* HomeVC.xib in Resources */,
				667395DC2A534BA900F823F8 /* HomeCategoryCell.xib in Resources */,
				667854742A5E1EA60091E6F5 /* ExportVC.xib in Resources */,
				6678546A2A5E1DF30091E6F5 /* SyncCloudVC.xib in Resources */,
				667CB32D2A5E067300D25CF8 /* ProfileBrandCell.xib in Resources */,
				6678546F2A5E1E3F0091E6F5 /* NotificationsVC.xib in Resources */,
				66513C772A5AF10400C86EAE /* RecordPreviewCell.xib in Resources */,
				66D4817F2A48EEDF00CE5B5A /* ProfileVC.xib in Resources */,
				6608C6D12A4F6A5E0081603C /* HomeUserCell.xib in Resources */,
				667854652A5E1CD90091E6F5 /* SettingsVC.xib in Resources */,
				6678547E2A5E1F2C0091E6F5 /* HelpVC.xib in Resources */,
				667854792A5E1EEA0091E6F5 /* FeedbackVC.xib in Resources */,
				66D4818B2A48FE0500CE5B5A /* CoTabBar.xib in Resources */,
				667CB31D2A5DF5B600D25CF8 /* ProfileUserCell.xib in Resources */,
			);
			runOnlyForDeploymentPostprocessing = 0;
		};
/* End PBXResourcesBuildPhase section */

/* Begin PBXSourcesBuildPhase section */
		668CE2262A1800CC00D6E7DF /* Sources */ = {
			isa = PBXSourcesBuildPhase;
			buildActionMask = 2147483647;
			files = (
				66475B832A44CAFB00E76D71 /* RegisterData.swift in Sources */,
				66D481892A48FDB500CE5B5A /* CoTabBar.swift in Sources */,
				66D481672A48ED1D00CE5B5A /* RecordVC.swift in Sources */,
				66C8E1542A55EF450058FF89 /* Record+CoreDataClass.swift in Sources */,
				66D481742A48EE3800CE5B5A /* SafetyWireframe.swift in Sources */,
				667395E42A534F8200F823F8 /* HomeCategoryItemCell.swift in Sources */,
				667395D82A53333300F823F8 /* CoSafetyType.swift in Sources */,
				66513C7C2A5B519E00C86EAE /* SafetyScoreEntity.swift in Sources */,
				66D4157D2A5A07E20023DC1A /* RecordFieldCell.swift in Sources */,
				66D4816E2A48EDFE00CE5B5A /* SafetyVC.swift in Sources */,
				66D481792A48EEC700CE5B5A /* ProfilePresenter.swift in Sources */,
				66D4815A2A48EC5C00CE5B5A /* StoreWireframe.swift in Sources */,
				6608C6D82A4F7E4A0081603C /* CoCircularImageView.swift in Sources */,
				66D4818D2A490A0800CE5B5A /* CoTabBarUI.swift in Sources */,
				6608C6C52A4F67790081603C /* BaseTableViewProvider.swift in Sources */,
				6608C6D02A4F6A5E0081603C /* HomeUserCell.swift in Sources */,
				66EF169A2A4E33A000CFF0B2 /* User+CoreDataClass.swift in Sources */,
				667CB3292A5E013800D25CF8 /* Date+Ext.swift in Sources */,
				6608C6C92A4F69750081603C /* UITableView+Ext.swift in Sources */,
				668CE2572A1807A000D6E7DF /* BaseUI.swift in Sources */,
				660838BF2A47A89A00E72F31 /* CoTabBarWireframe.swift in Sources */,
				66C8E1572A5600A40058FF89 /* CoSearchField.swift in Sources */,
				66F9AEB62A1BE99400EAFD58 /* RegisterWireframe.swift in Sources */,
				66EB525E2A43B4A500866CD8 /* UIViewController+Ext.swift in Sources */,
				66B768E02A522EC70055CECF /* CoPieChartView.swift in Sources */,
				668CE2472A18027C00D6E7DF /* AppWireframe.swift in Sources */,
				66EAFD072A463F5D005B9DAB /* BioAuthManager.swift in Sources */,
				66EAFD0C2A465293005B9DAB /* HomeUI.swift in Sources */,
				6608C6C02A4F66F40081603C /* ObservationType.swift in Sources */,
				6678547D2A5E1F2C0091E6F5 /* HelpVC.swift in Sources */,
				667395DB2A534BA900F823F8 /* HomeCategoryCell.swift in Sources */,
				66F9AEC52A1BEFA200EAFD58 /* LoginWireframe.swift in Sources */,
				668CE2782A18394500D6E7DF /* CoButton.swift in Sources */,
				66D481652A48ED1700CE5B5A /* RecordWireframe.swift in Sources */,
				66513C762A5AF10400C86EAE /* RecordPreviewCell.swift in Sources */,
				66B768D62A5223580055CECF /* HomeSafetyScoreCell.swift in Sources */,
				66D481612A48ECFD00CE5B5A /* RecordUI.swift in Sources */,
				667CB31F2A5DF8AF00D25CF8 /* ProfileTableViewProvider.swift in Sources */,
				66513C832A5B637A00C86EAE /* Int+Ext.swift in Sources */,
				668CE2382A1800CC00D6E7DF /* CoPass.xcdatamodeld in Sources */,
				667854692A5E1DF30091E6F5 /* SyncCloudVC.swift in Sources */,
				66EF16952A4E290400CFF0B2 /* String+Ext.swift in Sources */,
				664F14EC2A5C8DE300AC0A80 /* Array+Ext.swift in Sources */,
				661D3BE92A58CE160033AFA1 /* RecordCategoryCell.swift in Sources */,
				66EF16972A4E292900CFF0B2 /* Data+Ext.swift in Sources */,
				668CE24C2A18032500D6E7DF /* TransitionType.swift in Sources */,
				667854782A5E1EEA0091E6F5 /* FeedbackVC.swift in Sources */,
				668CE2592A1807E500D6E7DF /* LoadingUI.swift in Sources */,
				66D4817D2A48EED800CE5B5A /* ProfileVC.swift in Sources */,
				667395EB2A53894900F823F8 /* RecordCell.swift in Sources */,
				66A972372A4CB666009791E2 /* CoCategory.swift in Sources */,
				66475B802A44C29200E76D71 /* KeychainManager.swift in Sources */,
				66D481772A48EEBF00CE5B5A /* ProfileUI.swift in Sources */,
				667CB31C2A5DF5B600D25CF8 /* ProfileUserCell.swift in Sources */,
				6608C6D42A4F7D720081603C /* CoBadgeView.swift in Sources */,
				668CE25B2A18084400D6E7DF /* BaseViewController.swift in Sources */,
				660838B72A478BE600E72F31 /* CoStorage.swift in Sources */,
				6678546E2A5E1E3F0091E6F5 /* NotificationsVC.swift in Sources */,
				668CE26C2A180FA500D6E7DF /* OnboardingWireframe.swift in Sources */,
				668CE24A2A1802C200D6E7DF /* BaseWireframe.swift in Sources */,
				66F9AED22A1BFB2E00EAFD58 /* AppConstants.swift in Sources */,
				660838B92A47968800E72F31 /* CoError.swift in Sources */,
				66EAFD122A46530B005B9DAB /* HomeWireframe.swift in Sources */,
				66EAFD0E2A4652B2005B9DAB /* HomeVC.swift in Sources */,
				668CE26E2A18104C00D6E7DF /* OnboardingVC.swift in Sources */,
				66D481722A48EE3100CE5B5A /* SafetyPresenter.swift in Sources */,
				66D481582A48EBE200CE5B5A /* StorePresenter.swift in Sources */,
				66D4818F2A490A2000CE5B5A /* CoTabBarPresenter.swift in Sources */,
				660838BC2A47A7E500E72F31 /* CoTabBarVC.swift in Sources */,
				668CE22E2A1800CC00D6E7DF /* AppDelegate.swift in Sources */,
				668CE2682A180EF100D6E7DF /* OnboardingUI.swift in Sources */,
				661088EC2A4A372B00FE6643 /* AppDesign.swift in Sources */,
				66EB525C2A437F9D00866CD8 /* CoTextField.swift in Sources */,
				661D3BED2A58D02D0033AFA1 /* RecordCategoryItemCell.swift in Sources */,
				66F9AEB22A1BE90700EAFD58 /* RegisterUI.swift in Sources */,
				668CE2642A180C2A00D6E7DF /* UIView+Ext.swift in Sources */,
				66EB5B3B2A54D42A0072B01D /* EmptyRecordCell.swift in Sources */,
				66513C802A5B544B00C86EAE /* SafetyBoardCell.swift in Sources */,
				6608C6C72A4F67E50081603C /* BaseCollectionViewProvider.swift in Sources */,
				6608C6CB2A4F69960081603C /* UICollectionView+Ext.swift in Sources */,
				66A972392A4CB6FF009791E2 /* RecordEntity.swift in Sources */,
				667854732A5E1EA60091E6F5 /* ExportVC.swift in Sources */,
				66513C792A5B50AC00C86EAE /* SafetyTableViewProvider.swift in Sources */,
				66F9AEB82A1BEA8800EAFD58 /* RegisterVC.swift in Sources */,
				6608C6C32A4F675C0081603C /* HomeTableViewProvider.swift in Sources */,
				667CB3272A5E011200D25CF8 /* DateFormatter+Ext.swift in Sources */,
				66D4815C2A48ECAE00CE5B5A /* StoreVC.swift in Sources */,
				66C8E1552A55EF450058FF89 /* Record+CoreDataProperties.swift in Sources */,
				66513C712A5AD94A00C86EAE /* CoRecordFieldType.swift in Sources */,
				66F9AEC32A1BEF9800EAFD58 /* LoginPresenter.swift in Sources */,
				668CE25F2A180B5800D6E7DF /* NavigationPresenter.swift in Sources */,
				668CE2512A18059E00D6E7DF /* Router.swift in Sources */,
				66D481562A48EBD000CE5B5A /* StoreUI.swift in Sources */,
				667395E72A5384C500F823F8 /* CoSectionTitleView.swift in Sources */,
				668CE2302A1800CC00D6E7DF /* SceneDelegate.swift in Sources */,
				661D3BE62A58B67B0033AFA1 /* RecordTableViewProvider.swift in Sources */,
				667CB3222A5DFB8F00D25CF8 /* ProfileControlCell.swift in Sources */,
				66C8E1592A56102A0058FF89 /* StoreTableViewProvider.swift in Sources */,
				66EF169B2A4E33A000CFF0B2 /* User+CoreDataProperties.swift in Sources */,
				66F9AEB42A1BE92200EAFD58 /* RegisterPresenter.swift in Sources */,
				667854642A5E1CD90091E6F5 /* SettingsVC.swift in Sources */,
				66F9AED02A1BFB0300EAFD58 /* Language.swift in Sources */,
				668CE25D2A180B3900D6E7DF /* Presenter.swift in Sources */,
				66F9AEC12A1BEF7F00EAFD58 /* LoginUI.swift in Sources */,
				66D481632A48ED0F00CE5B5A /* RecordPresenter.swift in Sources */,
				668CE2612A180BB100D6E7DF /* BaseView.swift in Sources */,
				66EEA5D22A574E1A00A0267D /* MenuActionType.swift in Sources */,
				66F9AEBD2A1BEF5700EAFD58 /* LoginVC.swift in Sources */,
				66F9AECE2A1BFA7B00EAFD58 /* Localization.swift in Sources */,
				66EAFD142A4653B0005B9DAB /* HomePresenter.swift in Sources */,
				66D4817B2A48EED300CE5B5A /* ProfileWireframe.swift in Sources */,
				668CE2762A181D3100D6E7DF /* UIColor+Ext.swift in Sources */,
				667CB32C2A5E067300D25CF8 /* ProfileBrandCell.swift in Sources */,
				667CB3162A5DDAAE00D25CF8 /* CoControlType.swift in Sources */,
				66EAFD092A46488D005B9DAB /* CoOneTimeCodeTextField.swift in Sources */,
				66B768D32A5216510055CECF /* Notification.swift in Sources */,
				66D481702A48EE1F00CE5B5A /* SafetyUI.swift in Sources */,
				668CE26A2A180F2C00D6E7DF /* OnboardingPresenter.swift in Sources */,
				668CE2702A18119C00D6E7DF /* NSObject+Ext.swift in Sources */,
			);
			runOnlyForDeploymentPostprocessing = 0;
		};
/* End PBXSourcesBuildPhase section */

/* Begin PBXVariantGroup section */
		668CE23B2A1800CD00D6E7DF /* LaunchScreen.storyboard */ = {
			isa = PBXVariantGroup;
			children = (
				668CE23C2A1800CD00D6E7DF /* Base */,
				66F9AEC62A1BF60900EAFD58 /* tr */,
			);
			name = LaunchScreen.storyboard;
			sourceTree = "<group>";
		};
		66F9AECB2A1BF64F00EAFD58 /* Localizable.strings */ = {
			isa = PBXVariantGroup;
			children = (
				66F9AECA2A1BF64F00EAFD58 /* en */,
				66F9AECC2A1BF65300EAFD58 /* tr */,
			);
			name = Localizable.strings;
			sourceTree = "<group>";
		};
/* End PBXVariantGroup section */

/* Begin XCBuildConfiguration section */
		668CE23F2A1800CD00D6E7DF /* Debug */ = {
			isa = XCBuildConfiguration;
			buildSettings = {
				ALWAYS_SEARCH_USER_PATHS = NO;
				CLANG_ANALYZER_LOCALIZABILITY_NONLOCALIZED = YES;
				CLANG_ANALYZER_NONNULL = YES;
				CLANG_ANALYZER_NUMBER_OBJECT_CONVERSION = YES_AGGRESSIVE;
				CLANG_CXX_LANGUAGE_STANDARD = "gnu++20";
				CLANG_ENABLE_MODULES = YES;
				CLANG_ENABLE_OBJC_ARC = YES;
				CLANG_ENABLE_OBJC_WEAK = YES;
				CLANG_WARN_BLOCK_CAPTURE_AUTORELEASING = YES;
				CLANG_WARN_BOOL_CONVERSION = YES;
				CLANG_WARN_COMMA = YES;
				CLANG_WARN_CONSTANT_CONVERSION = YES;
				CLANG_WARN_DEPRECATED_OBJC_IMPLEMENTATIONS = YES;
				CLANG_WARN_DIRECT_OBJC_ISA_USAGE = YES_ERROR;
				CLANG_WARN_DOCUMENTATION_COMMENTS = YES;
				CLANG_WARN_EMPTY_BODY = YES;
				CLANG_WARN_ENUM_CONVERSION = YES;
				CLANG_WARN_INFINITE_RECURSION = YES;
				CLANG_WARN_INT_CONVERSION = YES;
				CLANG_WARN_NON_LITERAL_NULL_CONVERSION = YES;
				CLANG_WARN_OBJC_IMPLICIT_RETAIN_SELF = YES;
				CLANG_WARN_OBJC_LITERAL_CONVERSION = YES;
				CLANG_WARN_OBJC_ROOT_CLASS = YES_ERROR;
				CLANG_WARN_QUOTED_INCLUDE_IN_FRAMEWORK_HEADER = YES;
				CLANG_WARN_RANGE_LOOP_ANALYSIS = YES;
				CLANG_WARN_STRICT_PROTOTYPES = YES;
				CLANG_WARN_SUSPICIOUS_MOVE = YES;
				CLANG_WARN_UNGUARDED_AVAILABILITY = YES_AGGRESSIVE;
				CLANG_WARN_UNREACHABLE_CODE = YES;
				CLANG_WARN__DUPLICATE_METHOD_MATCH = YES;
				COPY_PHASE_STRIP = NO;
				DEBUG_INFORMATION_FORMAT = dwarf;
				ENABLE_STRICT_OBJC_MSGSEND = YES;
				ENABLE_TESTABILITY = YES;
				GCC_C_LANGUAGE_STANDARD = gnu11;
				GCC_DYNAMIC_NO_PIC = NO;
				GCC_NO_COMMON_BLOCKS = YES;
				GCC_OPTIMIZATION_LEVEL = 0;
				GCC_PREPROCESSOR_DEFINITIONS = (
					"DEBUG=1",
					"$(inherited)",
				);
				GCC_WARN_64_TO_32_BIT_CONVERSION = YES;
				GCC_WARN_ABOUT_RETURN_TYPE = YES_ERROR;
				GCC_WARN_UNDECLARED_SELECTOR = YES;
				GCC_WARN_UNINITIALIZED_AUTOS = YES_AGGRESSIVE;
				GCC_WARN_UNUSED_FUNCTION = YES;
				GCC_WARN_UNUSED_VARIABLE = YES;
				IPHONEOS_DEPLOYMENT_TARGET = 16.4;
				MTL_ENABLE_DEBUG_INFO = INCLUDE_SOURCE;
				MTL_FAST_MATH = YES;
				ONLY_ACTIVE_ARCH = YES;
				SDKROOT = iphoneos;
				SWIFT_ACTIVE_COMPILATION_CONDITIONS = DEBUG;
				SWIFT_OPTIMIZATION_LEVEL = "-Onone";
			};
			name = Debug;
		};
		668CE2402A1800CD00D6E7DF /* Release */ = {
			isa = XCBuildConfiguration;
			buildSettings = {
				ALWAYS_SEARCH_USER_PATHS = NO;
				CLANG_ANALYZER_LOCALIZABILITY_NONLOCALIZED = YES;
				CLANG_ANALYZER_NONNULL = YES;
				CLANG_ANALYZER_NUMBER_OBJECT_CONVERSION = YES_AGGRESSIVE;
				CLANG_CXX_LANGUAGE_STANDARD = "gnu++20";
				CLANG_ENABLE_MODULES = YES;
				CLANG_ENABLE_OBJC_ARC = YES;
				CLANG_ENABLE_OBJC_WEAK = YES;
				CLANG_WARN_BLOCK_CAPTURE_AUTORELEASING = YES;
				CLANG_WARN_BOOL_CONVERSION = YES;
				CLANG_WARN_COMMA = YES;
				CLANG_WARN_CONSTANT_CONVERSION = YES;
				CLANG_WARN_DEPRECATED_OBJC_IMPLEMENTATIONS = YES;
				CLANG_WARN_DIRECT_OBJC_ISA_USAGE = YES_ERROR;
				CLANG_WARN_DOCUMENTATION_COMMENTS = YES;
				CLANG_WARN_EMPTY_BODY = YES;
				CLANG_WARN_ENUM_CONVERSION = YES;
				CLANG_WARN_INFINITE_RECURSION = YES;
				CLANG_WARN_INT_CONVERSION = YES;
				CLANG_WARN_NON_LITERAL_NULL_CONVERSION = YES;
				CLANG_WARN_OBJC_IMPLICIT_RETAIN_SELF = YES;
				CLANG_WARN_OBJC_LITERAL_CONVERSION = YES;
				CLANG_WARN_OBJC_ROOT_CLASS = YES_ERROR;
				CLANG_WARN_QUOTED_INCLUDE_IN_FRAMEWORK_HEADER = YES;
				CLANG_WARN_RANGE_LOOP_ANALYSIS = YES;
				CLANG_WARN_STRICT_PROTOTYPES = YES;
				CLANG_WARN_SUSPICIOUS_MOVE = YES;
				CLANG_WARN_UNGUARDED_AVAILABILITY = YES_AGGRESSIVE;
				CLANG_WARN_UNREACHABLE_CODE = YES;
				CLANG_WARN__DUPLICATE_METHOD_MATCH = YES;
				COPY_PHASE_STRIP = NO;
				DEBUG_INFORMATION_FORMAT = "dwarf-with-dsym";
				ENABLE_NS_ASSERTIONS = NO;
				ENABLE_STRICT_OBJC_MSGSEND = YES;
				GCC_C_LANGUAGE_STANDARD = gnu11;
				GCC_NO_COMMON_BLOCKS = YES;
				GCC_WARN_64_TO_32_BIT_CONVERSION = YES;
				GCC_WARN_ABOUT_RETURN_TYPE = YES_ERROR;
				GCC_WARN_UNDECLARED_SELECTOR = YES;
				GCC_WARN_UNINITIALIZED_AUTOS = YES_AGGRESSIVE;
				GCC_WARN_UNUSED_FUNCTION = YES;
				GCC_WARN_UNUSED_VARIABLE = YES;
				IPHONEOS_DEPLOYMENT_TARGET = 16.4;
				MTL_ENABLE_DEBUG_INFO = NO;
				MTL_FAST_MATH = YES;
				SDKROOT = iphoneos;
				SWIFT_COMPILATION_MODE = wholemodule;
				SWIFT_OPTIMIZATION_LEVEL = "-O";
				VALIDATE_PRODUCT = YES;
			};
			name = Release;
		};
		668CE2422A1800CD00D6E7DF /* Debug */ = {
			isa = XCBuildConfiguration;
			buildSettings = {
				ASSETCATALOG_COMPILER_APPICON_NAME = AppIcon;
				ASSETCATALOG_COMPILER_GLOBAL_ACCENT_COLOR_NAME = AccentColor;
				CODE_SIGN_STYLE = Automatic;
				CURRENT_PROJECT_VERSION = 1;
				DEVELOPMENT_TEAM = TN6PW5B825;
				GENERATE_INFOPLIST_FILE = YES;
				INFOPLIST_FILE = CoPass/Info.plist;
				INFOPLIST_KEY_NSFaceIDUsageDescription = "We use this to login to the app";
				INFOPLIST_KEY_UIApplicationSupportsIndirectInputEvents = YES;
				INFOPLIST_KEY_UILaunchStoryboardName = LaunchScreen;
				INFOPLIST_KEY_UISupportedInterfaceOrientations = UIInterfaceOrientationPortrait;
				INFOPLIST_KEY_UISupportedInterfaceOrientations_iPad = "UIInterfaceOrientationLandscapeLeft UIInterfaceOrientationLandscapeRight UIInterfaceOrientationPortrait UIInterfaceOrientationPortraitUpsideDown";
				LD_RUNPATH_SEARCH_PATHS = (
					"$(inherited)",
					"@executable_path/Frameworks",
				);
				MARKETING_VERSION = 1.0;
				PRODUCT_BUNDLE_IDENTIFIER = com.oktaytan.CoPass;
				PRODUCT_NAME = "$(TARGET_NAME)";
				SUPPORTED_PLATFORMS = "iphoneos iphonesimulator";
				SUPPORTS_MACCATALYST = NO;
				SUPPORTS_MAC_DESIGNED_FOR_IPHONE_IPAD = NO;
				SWIFT_EMIT_LOC_STRINGS = YES;
				SWIFT_VERSION = 5.0;
				TARGETED_DEVICE_FAMILY = "1,2";
			};
			name = Debug;
		};
		668CE2432A1800CD00D6E7DF /* Release */ = {
			isa = XCBuildConfiguration;
			buildSettings = {
				ASSETCATALOG_COMPILER_APPICON_NAME = AppIcon;
				ASSETCATALOG_COMPILER_GLOBAL_ACCENT_COLOR_NAME = AccentColor;
				CODE_SIGN_STYLE = Automatic;
				CURRENT_PROJECT_VERSION = 1;
				DEVELOPMENT_TEAM = TN6PW5B825;
				GENERATE_INFOPLIST_FILE = YES;
				INFOPLIST_FILE = CoPass/Info.plist;
				INFOPLIST_KEY_NSFaceIDUsageDescription = "We use this to login to the app";
				INFOPLIST_KEY_UIApplicationSupportsIndirectInputEvents = YES;
				INFOPLIST_KEY_UILaunchStoryboardName = LaunchScreen;
				INFOPLIST_KEY_UISupportedInterfaceOrientations = UIInterfaceOrientationPortrait;
				INFOPLIST_KEY_UISupportedInterfaceOrientations_iPad = "UIInterfaceOrientationLandscapeLeft UIInterfaceOrientationLandscapeRight UIInterfaceOrientationPortrait UIInterfaceOrientationPortraitUpsideDown";
				LD_RUNPATH_SEARCH_PATHS = (
					"$(inherited)",
					"@executable_path/Frameworks",
				);
				MARKETING_VERSION = 1.0;
				PRODUCT_BUNDLE_IDENTIFIER = com.oktaytan.CoPass;
				PRODUCT_NAME = "$(TARGET_NAME)";
				SUPPORTED_PLATFORMS = "iphoneos iphonesimulator";
				SUPPORTS_MACCATALYST = NO;
				SUPPORTS_MAC_DESIGNED_FOR_IPHONE_IPAD = NO;
				SWIFT_EMIT_LOC_STRINGS = YES;
				SWIFT_VERSION = 5.0;
				TARGETED_DEVICE_FAMILY = "1,2";
			};
			name = Release;
		};
/* End XCBuildConfiguration section */

/* Begin XCConfigurationList section */
		668CE2252A1800CC00D6E7DF /* Build configuration list for PBXProject "CoPass" */ = {
			isa = XCConfigurationList;
			buildConfigurations = (
				668CE23F2A1800CD00D6E7DF /* Debug */,
				668CE2402A1800CD00D6E7DF /* Release */,
			);
			defaultConfigurationIsVisible = 0;
			defaultConfigurationName = Release;
		};
		668CE2412A1800CD00D6E7DF /* Build configuration list for PBXNativeTarget "CoPass" */ = {
			isa = XCConfigurationList;
			buildConfigurations = (
				668CE2422A1800CD00D6E7DF /* Debug */,
				668CE2432A1800CD00D6E7DF /* Release */,
			);
			defaultConfigurationIsVisible = 0;
			defaultConfigurationName = Release;
		};
/* End XCConfigurationList section */

/* Begin XCRemoteSwiftPackageReference section */
		6622B5852A4A29FF000F31F1 /* XCRemoteSwiftPackageReference "ViewAnimator" */ = {
			isa = XCRemoteSwiftPackageReference;
			repositoryURL = "https://github.com/marcosgriselli/ViewAnimator.git";
			requirement = {
				kind = upToNextMajorVersion;
				minimumVersion = 3.0.0;
			};
		};
		6622B5882A4A3648000F31F1 /* XCRemoteSwiftPackageReference "NVActivityIndicatorView" */ = {
			isa = XCRemoteSwiftPackageReference;
			repositoryURL = "https://github.com/ninjaprox/NVActivityIndicatorView.git";
			requirement = {
				kind = upToNextMajorVersion;
				minimumVersion = 5.0.0;
			};
		};
		66475B862A44D52B00E76D71 /* XCRemoteSwiftPackageReference "SPIndicator" */ = {
			isa = XCRemoteSwiftPackageReference;
			repositoryURL = "https://github.com/ivanvorobei/SPIndicator.git";
			requirement = {
				kind = upToNextMajorVersion;
				minimumVersion = 1.0.0;
			};
		};
		66D481802A48F31200CE5B5A /* XCRemoteSwiftPackageReference "SnapKit" */ = {
			isa = XCRemoteSwiftPackageReference;
			repositoryURL = "https://github.com/SnapKit/SnapKit.git";
			requirement = {
				kind = upToNextMajorVersion;
				minimumVersion = 5.0.0;
			};
		};
		66EB5B352A54D2640072B01D /* XCRemoteSwiftPackageReference "IQKeyboardManager" */ = {
			isa = XCRemoteSwiftPackageReference;
			repositoryURL = "https://github.com/hackiftekhar/IQKeyboardManager.git";
			requirement = {
				kind = upToNextMajorVersion;
				minimumVersion = 6.0.0;
			};
		};
		66EF16912A4E28E300CFF0B2 /* XCRemoteSwiftPackageReference "CryptoSwift" */ = {
			isa = XCRemoteSwiftPackageReference;
			repositoryURL = "https://github.com/krzyzanowskim/CryptoSwift.git";
			requirement = {
				kind = upToNextMajorVersion;
				minimumVersion = 1.0.0;
			};
		};
/* End XCRemoteSwiftPackageReference section */

/* Begin XCSwiftPackageProductDependency section */
		6622B5862A4A29FF000F31F1 /* ViewAnimator */ = {
			isa = XCSwiftPackageProductDependency;
			package = 6622B5852A4A29FF000F31F1 /* XCRemoteSwiftPackageReference "ViewAnimator" */;
			productName = ViewAnimator;
		};
		6622B5892A4A3648000F31F1 /* NVActivityIndicatorView */ = {
			isa = XCSwiftPackageProductDependency;
			package = 6622B5882A4A3648000F31F1 /* XCRemoteSwiftPackageReference "NVActivityIndicatorView" */;
			productName = NVActivityIndicatorView;
		};
		66475B872A44D52B00E76D71 /* SPIndicator */ = {
			isa = XCSwiftPackageProductDependency;
			package = 66475B862A44D52B00E76D71 /* XCRemoteSwiftPackageReference "SPIndicator" */;
			productName = SPIndicator;
		};
		66D481812A48F31200CE5B5A /* SnapKit */ = {
			isa = XCSwiftPackageProductDependency;
			package = 66D481802A48F31200CE5B5A /* XCRemoteSwiftPackageReference "SnapKit" */;
			productName = SnapKit;
		};
		66EB5B362A54D2640072B01D /* IQKeyboardManagerSwift */ = {
			isa = XCSwiftPackageProductDependency;
			package = 66EB5B352A54D2640072B01D /* XCRemoteSwiftPackageReference "IQKeyboardManager" */;
			productName = IQKeyboardManagerSwift;
		};
		66EF16922A4E28E300CFF0B2 /* CryptoSwift */ = {
			isa = XCSwiftPackageProductDependency;
			package = 66EF16912A4E28E300CFF0B2 /* XCRemoteSwiftPackageReference "CryptoSwift" */;
			productName = CryptoSwift;
		};
/* End XCSwiftPackageProductDependency section */

/* Begin XCVersionGroup section */
		668CE2362A1800CC00D6E7DF /* CoPass.xcdatamodeld */ = {
			isa = XCVersionGroup;
			children = (
				668CE2372A1800CC00D6E7DF /* CoPass.xcdatamodel */,
			);
			currentVersion = 668CE2372A1800CC00D6E7DF /* CoPass.xcdatamodel */;
			path = CoPass.xcdatamodeld;
			sourceTree = "<group>";
			versionGroupType = wrapper.xcdatamodel;
		};
/* End XCVersionGroup section */
	};
	rootObject = 668CE2222A1800CC00D6E7DF /* Project object */;
}
